PODS:
  - SnapKit (5.0.1)
  - SwiftLint (0.46.3)

DEPENDENCIES:
  - SnapKit (~> 5.0.0)
  - SwiftLint (~> 0.46.2)

SPEC REPOS:
  trunk:
    - SnapKit
    - SwiftLint

SPEC CHECKSUMS:
  SnapKit: 97b92857e3df3a0c71833cce143274bf6ef8e5eb
  SwiftLint: ae76d82f056734f853c8cd0371503252c606c482

PODFILE CHECKSUM: ecac74a8401942516618bb03101a3db494327709

COCOAPODS: 1.11.2
