PODS:
  - Realm (10.22.0):
    - Realm/Headers (= 10.22.0)
  - Realm/Headers (10.22.0)
  - RealmSwift (10.22.0):
    - Realm (= 10.22.0)
  - SnapKit (5.0.1)
  - SwiftLint (0.46.3)

DEPENDENCIES:
  - RealmSwift
  - SnapKit (~> 5.0.0)
  - SwiftLint (~> 0.46.2)

SPEC REPOS:
  trunk:
    - Realm
    - RealmSwift
    - SnapKit
    - SwiftLint

SPEC CHECKSUMS:
  Realm: d9e4e5877095a6722145811f56fe89a531c9659d
  RealmSwift: e4191b4b957fcfcbed23751ec65eec98f8173ab5
  SnapKit: 97b92857e3df3a0c71833cce143274bf6ef8e5eb
  SwiftLint: ae76d82f056734f853c8cd0371503252c606c482

PODFILE CHECKSUM: 44bc136523e2418556fb12b0924b4851c7b6ca7b

COCOAPODS: 1.11.2
