// !$*UTF8*$!
{
	archiveVersion = 1;
	classes = {
	};
	objectVersion = 55;
	objects = {

/* Begin PBXBuildFile section */
		4418F43427F23B6B00F08570 /* SearchWordsTableViewCell.swift in Sources */ = {isa = PBXBuildFile; fileRef = 4418F43327F23B6B00F08570 /* SearchWordsTableViewCell.swift */; };
		442BD8E827F5789400FE3760 /* DictionaryAssembly.swift in Sources */ = {isa = PBXBuildFile; fileRef = 442BD8E727F5789400FE3760 /* DictionaryAssembly.swift */; };
		442BD8EA27F57CFC00FE3760 /* DataManagerMock.swift in Sources */ = {isa = PBXBuildFile; fileRef = 442BD8E927F57CFC00FE3760 /* DataManagerMock.swift */; };
		442BD8EC27F57D4500FE3760 /* SearchWordsAssembly.swift in Sources */ = {isa = PBXBuildFile; fileRef = 442BD8EB27F57D4500FE3760 /* SearchWordsAssembly.swift */; };
		4443518C27F713D200C5BE28 /* UITableView+Extensions.swift in Sources */ = {isa = PBXBuildFile; fileRef = 4443518B27F713D200C5BE28 /* UITableView+Extensions.swift */; };
		44449EFB27F04ABF008A9624 /* SystemIconsNames.strings in Resources */ = {isa = PBXBuildFile; fileRef = 44449EFA27F04ABF008A9624 /* SystemIconsNames.strings */; };
		44499F4627F5A90D0022CF95 /* AssemblyProtocol.swift in Sources */ = {isa = PBXBuildFile; fileRef = 44499F4527F5A90D0022CF95 /* AssemblyProtocol.swift */; };
		447D707027EE4E490011A7F4 /* SearchWordsViewInput.swift in Sources */ = {isa = PBXBuildFile; fileRef = 447D706F27EE4E490011A7F4 /* SearchWordsViewInput.swift */; };
		447D707227EE4E5C0011A7F4 /* SearchWordsViewOutput.swift in Sources */ = {isa = PBXBuildFile; fileRef = 447D707127EE4E5C0011A7F4 /* SearchWordsViewOutput.swift */; };
		447D707527EE4EA90011A7F4 /* SearchWordsPresenter.swift in Sources */ = {isa = PBXBuildFile; fileRef = 447D707427EE4EA90011A7F4 /* SearchWordsPresenter.swift */; };
		447D707B27EE53FF0011A7F4 /* SearchWordsInteractorProtocol.swift in Sources */ = {isa = PBXBuildFile; fileRef = 447D707A27EE53FF0011A7F4 /* SearchWordsInteractorProtocol.swift */; };
		447D707F27EE54810011A7F4 /* SearchWordsInteractor.swift in Sources */ = {isa = PBXBuildFile; fileRef = 447D707E27EE54810011A7F4 /* SearchWordsInteractor.swift */; };
		447D708127EE55600011A7F4 /* DataManagerProtocol.swift in Sources */ = {isa = PBXBuildFile; fileRef = 447D708027EE55600011A7F4 /* DataManagerProtocol.swift */; };
		44BCCAB927F8C16E00C1189B /* RouterProtocol.swift in Sources */ = {isa = PBXBuildFile; fileRef = 44BCCAB827F8C16E00C1189B /* RouterProtocol.swift */; };
		44BCCAC127F8D4FF00C1189B /* SearchWordsRouter.swift in Sources */ = {isa = PBXBuildFile; fileRef = 44BCCAC027F8D4FF00C1189B /* SearchWordsRouter.swift */; };
		44BCCAC327F8D50600C1189B /* SearchWordsRouterProtocol.swift in Sources */ = {isa = PBXBuildFile; fileRef = 44BCCAC227F8D50600C1189B /* SearchWordsRouterProtocol.swift */; };
		44BE5DDC27E530490024F268 /* SearchWordsViewController.swift in Sources */ = {isa = PBXBuildFile; fileRef = 44BE5DDB27E530490024F268 /* SearchWordsViewController.swift */; };
		44BE5DDF27E531FD0024F268 /* Word.swift in Sources */ = {isa = PBXBuildFile; fileRef = 44BE5DDE27E531FD0024F268 /* Word.swift */; };
		44D5811827E7D74500DBCC4E /* User.swift in Sources */ = {isa = PBXBuildFile; fileRef = 44D5811727E7D74500DBCC4E /* User.swift */; };
		44DC5FE627FF090E005EACAE /* FavoriteWordsAssembly.swift in Sources */ = {isa = PBXBuildFile; fileRef = 44DC5FE527FF090E005EACAE /* FavoriteWordsAssembly.swift */; };
		44DC5FEC27FF0A05005EACAE /* FavoriteWordsRouterProtocol.swift in Sources */ = {isa = PBXBuildFile; fileRef = 44DC5FEB27FF0A05005EACAE /* FavoriteWordsRouterProtocol.swift */; };
		44DC5FEE27FF0A25005EACAE /* FavoriteWordsInteractorProtocol.swift in Sources */ = {isa = PBXBuildFile; fileRef = 44DC5FED27FF0A25005EACAE /* FavoriteWordsInteractorProtocol.swift */; };
		44DC5FF027FF0A31005EACAE /* FavoriteWordsViewInput.swift in Sources */ = {isa = PBXBuildFile; fileRef = 44DC5FEF27FF0A31005EACAE /* FavoriteWordsViewInput.swift */; };
		44DC5FF227FF0A39005EACAE /* FavoriteWordsViewOutput.swift in Sources */ = {isa = PBXBuildFile; fileRef = 44DC5FF127FF0A39005EACAE /* FavoriteWordsViewOutput.swift */; };
		44DC5FF427FF0C6C005EACAE /* FavoriteWordsRouter.swift in Sources */ = {isa = PBXBuildFile; fileRef = 44DC5FF327FF0C6C005EACAE /* FavoriteWordsRouter.swift */; };
		44DC5FF627FF0CD5005EACAE /* FavoriteWordsInteractor.swift in Sources */ = {isa = PBXBuildFile; fileRef = 44DC5FF527FF0CD5005EACAE /* FavoriteWordsInteractor.swift */; };
		44DC5FF827FF0E0B005EACAE /* FavoriteWordsPresenter.swift in Sources */ = {isa = PBXBuildFile; fileRef = 44DC5FF727FF0E0B005EACAE /* FavoriteWordsPresenter.swift */; };
		44DC5FFA27FF24B4005EACAE /* FavoriteWordsViewController.swift in Sources */ = {isa = PBXBuildFile; fileRef = 44DC5FF927FF24B4005EACAE /* FavoriteWordsViewController.swift */; };
		44DC5FFC27FF260D005EACAE /* FavoriteWordsTableViewCell.swift in Sources */ = {isa = PBXBuildFile; fileRef = 44DC5FFB27FF260D005EACAE /* FavoriteWordsTableViewCell.swift */; };
		44E59E7627C7A7B00061C14D /* AppDelegate.swift in Sources */ = {isa = PBXBuildFile; fileRef = 44E59E7527C7A7B00061C14D /* AppDelegate.swift */; };
		44E59E7A27C7A7B00061C14D /* RegistrationViewController.swift in Sources */ = {isa = PBXBuildFile; fileRef = 44E59E7927C7A7B00061C14D /* RegistrationViewController.swift */; };
		44E59E7F27C7A7B30061C14D /* Assets.xcassets in Resources */ = {isa = PBXBuildFile; fileRef = 44E59E7E27C7A7B30061C14D /* Assets.xcassets */; };
		44E59E8227C7A7B30061C14D /* LaunchScreen.storyboard in Resources */ = {isa = PBXBuildFile; fileRef = 44E59E8027C7A7B30061C14D /* LaunchScreen.storyboard */; };
		44F379DE27FC407B001F02F4 /* Date+Extensions.swift in Sources */ = {isa = PBXBuildFile; fileRef = 44F379DD27FC407B001F02F4 /* Date+Extensions.swift */; };
		44F379E027FC41A6001F02F4 /* DateFormatter+Extensions.swift in Sources */ = {isa = PBXBuildFile; fileRef = 44F379DF27FC41A6001F02F4 /* DateFormatter+Extensions.swift */; };
		44F379E527FC4389001F02F4 /* HistoryWordsAssembly.swift in Sources */ = {isa = PBXBuildFile; fileRef = 44F379E427FC4389001F02F4 /* HistoryWordsAssembly.swift */; };
		44F379E827FC43C0001F02F4 /* HistoryWordsInteractor.swift in Sources */ = {isa = PBXBuildFile; fileRef = 44F379E727FC43C0001F02F4 /* HistoryWordsInteractor.swift */; };
		44F379EA27FC43F0001F02F4 /* HistoryWordsInteractorProtocol.swift in Sources */ = {isa = PBXBuildFile; fileRef = 44F379E927FC43F0001F02F4 /* HistoryWordsInteractorProtocol.swift */; };
		44F379ED27FC4510001F02F4 /* HistoryWordsPresenter.swift in Sources */ = {isa = PBXBuildFile; fileRef = 44F379EC27FC4510001F02F4 /* HistoryWordsPresenter.swift */; };
		44F379F027FC45BE001F02F4 /* HistoryWordsRouter.swift in Sources */ = {isa = PBXBuildFile; fileRef = 44F379EF27FC45BE001F02F4 /* HistoryWordsRouter.swift */; };
		44F379F227FC45D7001F02F4 /* HistoryWordsRouterProtocol.swift in Sources */ = {isa = PBXBuildFile; fileRef = 44F379F127FC45D7001F02F4 /* HistoryWordsRouterProtocol.swift */; };
		44F379F527FC4616001F02F4 /* HistoryWordsTableViewCell.swift in Sources */ = {isa = PBXBuildFile; fileRef = 44F379F427FC4616001F02F4 /* HistoryWordsTableViewCell.swift */; };
		44F379F727FC466A001F02F4 /* HistoryWordsViewController.swift in Sources */ = {isa = PBXBuildFile; fileRef = 44F379F627FC466A001F02F4 /* HistoryWordsViewController.swift */; };
		44F379F927FC46A9001F02F4 /* HistoryWordsViewInput.swift in Sources */ = {isa = PBXBuildFile; fileRef = 44F379F827FC46A9001F02F4 /* HistoryWordsViewInput.swift */; };
		44F379FB27FC46C2001F02F4 /* HistoryWordsViewOutput.swift in Sources */ = {isa = PBXBuildFile; fileRef = 44F379FA27FC46C2001F02F4 /* HistoryWordsViewOutput.swift */; };
		C1EBC6FF900B3E2A5498E8D8 /* Pods_Find_and_Learn.framework in Frameworks */ = {isa = PBXBuildFile; fileRef = F1A4ACC204322E3866C8050E /* Pods_Find_and_Learn.framework */; };
		D217569127EB250800C3D545 /* PasswordRecoveryViewController.swift in Sources */ = {isa = PBXBuildFile; fileRef = D217569027EB250800C3D545 /* PasswordRecoveryViewController.swift */; };
		D217569327EB257F00C3D545 /* PasswordRecoveryPresenter.swift in Sources */ = {isa = PBXBuildFile; fileRef = D217569227EB257F00C3D545 /* PasswordRecoveryPresenter.swift */; };
		D217569627EB25E200C3D545 /* PasswordRecoveryViewInput.swift in Sources */ = {isa = PBXBuildFile; fileRef = D217569527EB25E200C3D545 /* PasswordRecoveryViewInput.swift */; };
		D217569827EB25F100C3D545 /* PasswordRecoveryViewOutput.swift in Sources */ = {isa = PBXBuildFile; fileRef = D217569727EB25F100C3D545 /* PasswordRecoveryViewOutput.swift */; };
		D223696B27FB5A6500C5F1C3 /* Notification+Extensions.swift in Sources */ = {isa = PBXBuildFile; fileRef = D223696A27FB5A6500C5F1C3 /* Notification+Extensions.swift */; };
		D228053627FAC2E000D8B60E /* UIButton+Extensions.swift in Sources */ = {isa = PBXBuildFile; fileRef = D228053527FAC2E000D8B60E /* UIButton+Extensions.swift */; };
		D228F69C27F799B70012E3C1 /* PasswordRecoveryAssembly.swift in Sources */ = {isa = PBXBuildFile; fileRef = D228F69B27F799B70012E3C1 /* PasswordRecoveryAssembly.swift */; };
		D25FCD5127F8536B0007E65D /* AccountViewController.swift in Sources */ = {isa = PBXBuildFile; fileRef = D25FCD5027F8536B0007E65D /* AccountViewController.swift */; };
		D25FCD5327F853A10007E65D /* AccountViewInput.swift in Sources */ = {isa = PBXBuildFile; fileRef = D25FCD5227F853A10007E65D /* AccountViewInput.swift */; };
		D25FCD5527F853AF0007E65D /* AccountViewOutput.swift in Sources */ = {isa = PBXBuildFile; fileRef = D25FCD5427F853AF0007E65D /* AccountViewOutput.swift */; };
		D25FCD5827F854160007E65D /* AccountPresenter.swift in Sources */ = {isa = PBXBuildFile; fileRef = D25FCD5727F854160007E65D /* AccountPresenter.swift */; };
		D25FCD5B27F858C10007E65D /* CircularView.swift in Sources */ = {isa = PBXBuildFile; fileRef = D25FCD5A27F858C10007E65D /* CircularView.swift */; };
		D25FCD5D27F85EB80007E65D /* AccountAssembly.swift in Sources */ = {isa = PBXBuildFile; fileRef = D25FCD5C27F85EB80007E65D /* AccountAssembly.swift */; };
		D25FCD6027F8664F0007E65D /* AccountTableViewCell.swift in Sources */ = {isa = PBXBuildFile; fileRef = D25FCD5F27F8664F0007E65D /* AccountTableViewCell.swift */; };
		D25FCD6227F8666C0007E65D /* Settings.swift in Sources */ = {isa = PBXBuildFile; fileRef = D25FCD6127F8666C0007E65D /* Settings.swift */; };
		D26EFF0028007E560019F1EC /* UIViewController+Extensions.swift in Sources */ = {isa = PBXBuildFile; fileRef = D26EFEFF28007E560019F1EC /* UIViewController+Extensions.swift */; };
		D26EFF03280085830019F1EC /* AccountInteractorProtocol.swift in Sources */ = {isa = PBXBuildFile; fileRef = D26EFF02280085830019F1EC /* AccountInteractorProtocol.swift */; };
		D26EFF05280085950019F1EC /* AccountInteractor.swift in Sources */ = {isa = PBXBuildFile; fileRef = D26EFF04280085950019F1EC /* AccountInteractor.swift */; };
		D26EFF082800886D0019F1EC /* SettingsManagerProtocol.swift in Sources */ = {isa = PBXBuildFile; fileRef = D26EFF072800886D0019F1EC /* SettingsManagerProtocol.swift */; };
		D26EFF0A280088780019F1EC /* SettingsManager.swift in Sources */ = {isa = PBXBuildFile; fileRef = D26EFF09280088780019F1EC /* SettingsManager.swift */; };
		D26EFF0C28009F480019F1EC /* UITextField+Extensions.swift in Sources */ = {isa = PBXBuildFile; fileRef = D26EFF0B28009F480019F1EC /* UITextField+Extensions.swift */; };
		D26EFF0F2800A3430019F1EC /* AccountRouterProtocol.swift in Sources */ = {isa = PBXBuildFile; fileRef = D26EFF0E2800A3430019F1EC /* AccountRouterProtocol.swift */; };
		D26EFF112800A4240019F1EC /* AccountRouter.swift in Sources */ = {isa = PBXBuildFile; fileRef = D26EFF102800A4240019F1EC /* AccountRouter.swift */; };
		D294305427F79303001CFEC6 /* AuthorizationAssembly.swift in Sources */ = {isa = PBXBuildFile; fileRef = D294305327F79303001CFEC6 /* AuthorizationAssembly.swift */; };
		D2A5A42F27E5E4E500E503AA /* R.generated.swift in Sources */ = {isa = PBXBuildFile; fileRef = D2A5A42E27E5E4E400E503AA /* R.generated.swift */; };
		D2AB637C27DCCA0000CE4441 /* Localizable.strings in Resources */ = {isa = PBXBuildFile; fileRef = D2AB637B27DCCA0000CE4441 /* Localizable.strings */; };
		D2D1168227DE49FE0026692E /* RegistrationViewInput.swift in Sources */ = {isa = PBXBuildFile; fileRef = D2D1168127DE49FE0026692E /* RegistrationViewInput.swift */; };
		D2D1168427DE4A0F0026692E /* RegistrationViewOutput.swift in Sources */ = {isa = PBXBuildFile; fileRef = D2D1168327DE4A0F0026692E /* RegistrationViewOutput.swift */; };
		D2D1168627DE4B230026692E /* RegistrationPresenter.swift in Sources */ = {isa = PBXBuildFile; fileRef = D2D1168527DE4B230026692E /* RegistrationPresenter.swift */; };
		D2D1168A27DE78CE0026692E /* CommonTextField.swift in Sources */ = {isa = PBXBuildFile; fileRef = D2D1168927DE78CE0026692E /* CommonTextField.swift */; };
		D2D1168D27DE80F40026692E /* CommonButton.swift in Sources */ = {isa = PBXBuildFile; fileRef = D2D1168C27DE80F40026692E /* CommonButton.swift */; };
		D2D3C24727EF4EEA003394A1 /* PasswordTextField.swift in Sources */ = {isa = PBXBuildFile; fileRef = D2D3C24627EF4EEA003394A1 /* PasswordTextField.swift */; };
		D2FB5D5327EDA50900CBDB00 /* AuthorizationViewController.swift in Sources */ = {isa = PBXBuildFile; fileRef = D2FB5D5227EDA50900CBDB00 /* AuthorizationViewController.swift */; };
		D2FB5D5527EDA54800CBDB00 /* AuthorizationPresenter.swift in Sources */ = {isa = PBXBuildFile; fileRef = D2FB5D5427EDA54800CBDB00 /* AuthorizationPresenter.swift */; };
		D2FB5D5827EDA5A700CBDB00 /* AuthorizationViewInput.swift in Sources */ = {isa = PBXBuildFile; fileRef = D2FB5D5727EDA5A700CBDB00 /* AuthorizationViewInput.swift */; };
		D2FB5D5A27EDA5B300CBDB00 /* AuthorizationViewOutput.swift in Sources */ = {isa = PBXBuildFile; fileRef = D2FB5D5927EDA5B300CBDB00 /* AuthorizationViewOutput.swift */; };
/* End PBXBuildFile section */

/* Begin PBXFileReference section */
		0A42D9ADE903C246D73484BC /* Pods-Find-and-Learn.debug.xcconfig */ = {isa = PBXFileReference; includeInIndex = 1; lastKnownFileType = text.xcconfig; name = "Pods-Find-and-Learn.debug.xcconfig"; path = "Target Support Files/Pods-Find-and-Learn/Pods-Find-and-Learn.debug.xcconfig"; sourceTree = "<group>"; };
		4418F43327F23B6B00F08570 /* SearchWordsTableViewCell.swift */ = {isa = PBXFileReference; lastKnownFileType = sourcecode.swift; path = SearchWordsTableViewCell.swift; sourceTree = "<group>"; };
		442BD8E727F5789400FE3760 /* DictionaryAssembly.swift */ = {isa = PBXFileReference; lastKnownFileType = sourcecode.swift; path = DictionaryAssembly.swift; sourceTree = "<group>"; };
		442BD8E927F57CFC00FE3760 /* DataManagerMock.swift */ = {isa = PBXFileReference; lastKnownFileType = sourcecode.swift; path = DataManagerMock.swift; sourceTree = "<group>"; };
		442BD8EB27F57D4500FE3760 /* SearchWordsAssembly.swift */ = {isa = PBXFileReference; lastKnownFileType = sourcecode.swift; path = SearchWordsAssembly.swift; sourceTree = "<group>"; };
		4443518B27F713D200C5BE28 /* UITableView+Extensions.swift */ = {isa = PBXFileReference; lastKnownFileType = sourcecode.swift; path = "UITableView+Extensions.swift"; sourceTree = "<group>"; };
		44449EFA27F04ABF008A9624 /* SystemIconsNames.strings */ = {isa = PBXFileReference; lastKnownFileType = text.plist.strings; path = SystemIconsNames.strings; sourceTree = "<group>"; };
		44499F4527F5A90D0022CF95 /* AssemblyProtocol.swift */ = {isa = PBXFileReference; lastKnownFileType = sourcecode.swift; path = AssemblyProtocol.swift; sourceTree = "<group>"; };
		447D706F27EE4E490011A7F4 /* SearchWordsViewInput.swift */ = {isa = PBXFileReference; lastKnownFileType = sourcecode.swift; path = SearchWordsViewInput.swift; sourceTree = "<group>"; };
		447D707127EE4E5C0011A7F4 /* SearchWordsViewOutput.swift */ = {isa = PBXFileReference; lastKnownFileType = sourcecode.swift; path = SearchWordsViewOutput.swift; sourceTree = "<group>"; };
		447D707427EE4EA90011A7F4 /* SearchWordsPresenter.swift */ = {isa = PBXFileReference; lastKnownFileType = sourcecode.swift; path = SearchWordsPresenter.swift; sourceTree = "<group>"; };
		447D707A27EE53FF0011A7F4 /* SearchWordsInteractorProtocol.swift */ = {isa = PBXFileReference; lastKnownFileType = sourcecode.swift; path = SearchWordsInteractorProtocol.swift; sourceTree = "<group>"; };
		447D707E27EE54810011A7F4 /* SearchWordsInteractor.swift */ = {isa = PBXFileReference; lastKnownFileType = sourcecode.swift; path = SearchWordsInteractor.swift; sourceTree = "<group>"; };
		447D708027EE55600011A7F4 /* DataManagerProtocol.swift */ = {isa = PBXFileReference; lastKnownFileType = sourcecode.swift; path = DataManagerProtocol.swift; sourceTree = "<group>"; };
		44BCCAB827F8C16E00C1189B /* RouterProtocol.swift */ = {isa = PBXFileReference; lastKnownFileType = sourcecode.swift; path = RouterProtocol.swift; sourceTree = "<group>"; };
		44BCCAC027F8D4FF00C1189B /* SearchWordsRouter.swift */ = {isa = PBXFileReference; lastKnownFileType = sourcecode.swift; path = SearchWordsRouter.swift; sourceTree = "<group>"; };
		44BCCAC227F8D50600C1189B /* SearchWordsRouterProtocol.swift */ = {isa = PBXFileReference; lastKnownFileType = sourcecode.swift; path = SearchWordsRouterProtocol.swift; sourceTree = "<group>"; };
		44BE5DDB27E530490024F268 /* SearchWordsViewController.swift */ = {isa = PBXFileReference; lastKnownFileType = sourcecode.swift; path = SearchWordsViewController.swift; sourceTree = "<group>"; };
		44BE5DDE27E531FD0024F268 /* Word.swift */ = {isa = PBXFileReference; lastKnownFileType = sourcecode.swift; path = Word.swift; sourceTree = "<group>"; };
		44D5811727E7D74500DBCC4E /* User.swift */ = {isa = PBXFileReference; lastKnownFileType = sourcecode.swift; path = User.swift; sourceTree = "<group>"; };
		44DC5FE527FF090E005EACAE /* FavoriteWordsAssembly.swift */ = {isa = PBXFileReference; lastKnownFileType = sourcecode.swift; path = FavoriteWordsAssembly.swift; sourceTree = "<group>"; };
		44DC5FEB27FF0A05005EACAE /* FavoriteWordsRouterProtocol.swift */ = {isa = PBXFileReference; lastKnownFileType = sourcecode.swift; path = FavoriteWordsRouterProtocol.swift; sourceTree = "<group>"; };
		44DC5FED27FF0A25005EACAE /* FavoriteWordsInteractorProtocol.swift */ = {isa = PBXFileReference; lastKnownFileType = sourcecode.swift; path = FavoriteWordsInteractorProtocol.swift; sourceTree = "<group>"; };
		44DC5FEF27FF0A31005EACAE /* FavoriteWordsViewInput.swift */ = {isa = PBXFileReference; lastKnownFileType = sourcecode.swift; path = FavoriteWordsViewInput.swift; sourceTree = "<group>"; };
		44DC5FF127FF0A39005EACAE /* FavoriteWordsViewOutput.swift */ = {isa = PBXFileReference; lastKnownFileType = sourcecode.swift; path = FavoriteWordsViewOutput.swift; sourceTree = "<group>"; };
		44DC5FF327FF0C6C005EACAE /* FavoriteWordsRouter.swift */ = {isa = PBXFileReference; lastKnownFileType = sourcecode.swift; path = FavoriteWordsRouter.swift; sourceTree = "<group>"; };
		44DC5FF527FF0CD5005EACAE /* FavoriteWordsInteractor.swift */ = {isa = PBXFileReference; lastKnownFileType = sourcecode.swift; path = FavoriteWordsInteractor.swift; sourceTree = "<group>"; };
		44DC5FF727FF0E0B005EACAE /* FavoriteWordsPresenter.swift */ = {isa = PBXFileReference; lastKnownFileType = sourcecode.swift; path = FavoriteWordsPresenter.swift; sourceTree = "<group>"; };
		44DC5FF927FF24B4005EACAE /* FavoriteWordsViewController.swift */ = {isa = PBXFileReference; lastKnownFileType = sourcecode.swift; path = FavoriteWordsViewController.swift; sourceTree = "<group>"; };
		44DC5FFB27FF260D005EACAE /* FavoriteWordsTableViewCell.swift */ = {isa = PBXFileReference; lastKnownFileType = sourcecode.swift; path = FavoriteWordsTableViewCell.swift; sourceTree = "<group>"; };
		44E59E7227C7A7B00061C14D /* Find-and-Learn.app */ = {isa = PBXFileReference; explicitFileType = wrapper.application; includeInIndex = 0; path = "Find-and-Learn.app"; sourceTree = BUILT_PRODUCTS_DIR; };
		44E59E7527C7A7B00061C14D /* AppDelegate.swift */ = {isa = PBXFileReference; lastKnownFileType = sourcecode.swift; path = AppDelegate.swift; sourceTree = "<group>"; };
		44E59E7927C7A7B00061C14D /* RegistrationViewController.swift */ = {isa = PBXFileReference; lastKnownFileType = sourcecode.swift; path = RegistrationViewController.swift; sourceTree = "<group>"; };
		44E59E7E27C7A7B30061C14D /* Assets.xcassets */ = {isa = PBXFileReference; lastKnownFileType = folder.assetcatalog; path = Assets.xcassets; sourceTree = "<group>"; };
		44E59E8127C7A7B30061C14D /* Base */ = {isa = PBXFileReference; lastKnownFileType = file.storyboard; name = Base; path = Base.lproj/LaunchScreen.storyboard; sourceTree = "<group>"; };
		44E59E8327C7A7B30061C14D /* Info.plist */ = {isa = PBXFileReference; lastKnownFileType = text.plist.xml; path = Info.plist; sourceTree = "<group>"; };
		44F379DD27FC407B001F02F4 /* Date+Extensions.swift */ = {isa = PBXFileReference; lastKnownFileType = sourcecode.swift; path = "Date+Extensions.swift"; sourceTree = "<group>"; };
		44F379DF27FC41A6001F02F4 /* DateFormatter+Extensions.swift */ = {isa = PBXFileReference; lastKnownFileType = sourcecode.swift; path = "DateFormatter+Extensions.swift"; sourceTree = "<group>"; };
		44F379E427FC4389001F02F4 /* HistoryWordsAssembly.swift */ = {isa = PBXFileReference; lastKnownFileType = sourcecode.swift; path = HistoryWordsAssembly.swift; sourceTree = "<group>"; };
		44F379E727FC43C0001F02F4 /* HistoryWordsInteractor.swift */ = {isa = PBXFileReference; lastKnownFileType = sourcecode.swift; path = HistoryWordsInteractor.swift; sourceTree = "<group>"; };
		44F379E927FC43F0001F02F4 /* HistoryWordsInteractorProtocol.swift */ = {isa = PBXFileReference; lastKnownFileType = sourcecode.swift; path = HistoryWordsInteractorProtocol.swift; sourceTree = "<group>"; };
		44F379EC27FC4510001F02F4 /* HistoryWordsPresenter.swift */ = {isa = PBXFileReference; lastKnownFileType = sourcecode.swift; path = HistoryWordsPresenter.swift; sourceTree = "<group>"; };
		44F379EF27FC45BE001F02F4 /* HistoryWordsRouter.swift */ = {isa = PBXFileReference; lastKnownFileType = sourcecode.swift; path = HistoryWordsRouter.swift; sourceTree = "<group>"; };
		44F379F127FC45D7001F02F4 /* HistoryWordsRouterProtocol.swift */ = {isa = PBXFileReference; lastKnownFileType = sourcecode.swift; path = HistoryWordsRouterProtocol.swift; sourceTree = "<group>"; };
		44F379F427FC4616001F02F4 /* HistoryWordsTableViewCell.swift */ = {isa = PBXFileReference; lastKnownFileType = sourcecode.swift; path = HistoryWordsTableViewCell.swift; sourceTree = "<group>"; };
		44F379F627FC466A001F02F4 /* HistoryWordsViewController.swift */ = {isa = PBXFileReference; lastKnownFileType = sourcecode.swift; path = HistoryWordsViewController.swift; sourceTree = "<group>"; };
		44F379F827FC46A9001F02F4 /* HistoryWordsViewInput.swift */ = {isa = PBXFileReference; lastKnownFileType = sourcecode.swift; path = HistoryWordsViewInput.swift; sourceTree = "<group>"; };
		44F379FA27FC46C2001F02F4 /* HistoryWordsViewOutput.swift */ = {isa = PBXFileReference; lastKnownFileType = sourcecode.swift; path = HistoryWordsViewOutput.swift; sourceTree = "<group>"; };
		773BB3E00B70B692D1E11AD0 /* Pods-Find-and-Learn.release.xcconfig */ = {isa = PBXFileReference; includeInIndex = 1; lastKnownFileType = text.xcconfig; name = "Pods-Find-and-Learn.release.xcconfig"; path = "Target Support Files/Pods-Find-and-Learn/Pods-Find-and-Learn.release.xcconfig"; sourceTree = "<group>"; };
		D217569027EB250800C3D545 /* PasswordRecoveryViewController.swift */ = {isa = PBXFileReference; lastKnownFileType = sourcecode.swift; path = PasswordRecoveryViewController.swift; sourceTree = "<group>"; };
		D217569227EB257F00C3D545 /* PasswordRecoveryPresenter.swift */ = {isa = PBXFileReference; lastKnownFileType = sourcecode.swift; path = PasswordRecoveryPresenter.swift; sourceTree = "<group>"; };
		D217569527EB25E200C3D545 /* PasswordRecoveryViewInput.swift */ = {isa = PBXFileReference; lastKnownFileType = sourcecode.swift; path = PasswordRecoveryViewInput.swift; sourceTree = "<group>"; };
		D217569727EB25F100C3D545 /* PasswordRecoveryViewOutput.swift */ = {isa = PBXFileReference; lastKnownFileType = sourcecode.swift; path = PasswordRecoveryViewOutput.swift; sourceTree = "<group>"; };
		D223696A27FB5A6500C5F1C3 /* Notification+Extensions.swift */ = {isa = PBXFileReference; lastKnownFileType = sourcecode.swift; path = "Notification+Extensions.swift"; sourceTree = "<group>"; };
		D228053527FAC2E000D8B60E /* UIButton+Extensions.swift */ = {isa = PBXFileReference; lastKnownFileType = sourcecode.swift; path = "UIButton+Extensions.swift"; sourceTree = "<group>"; };
		D228F69B27F799B70012E3C1 /* PasswordRecoveryAssembly.swift */ = {isa = PBXFileReference; lastKnownFileType = sourcecode.swift; path = PasswordRecoveryAssembly.swift; sourceTree = "<group>"; };
		D25FCD5027F8536B0007E65D /* AccountViewController.swift */ = {isa = PBXFileReference; lastKnownFileType = sourcecode.swift; path = AccountViewController.swift; sourceTree = "<group>"; };
		D25FCD5227F853A10007E65D /* AccountViewInput.swift */ = {isa = PBXFileReference; lastKnownFileType = sourcecode.swift; path = AccountViewInput.swift; sourceTree = "<group>"; };
		D25FCD5427F853AF0007E65D /* AccountViewOutput.swift */ = {isa = PBXFileReference; lastKnownFileType = sourcecode.swift; path = AccountViewOutput.swift; sourceTree = "<group>"; };
		D25FCD5727F854160007E65D /* AccountPresenter.swift */ = {isa = PBXFileReference; lastKnownFileType = sourcecode.swift; path = AccountPresenter.swift; sourceTree = "<group>"; };
		D25FCD5A27F858C10007E65D /* CircularView.swift */ = {isa = PBXFileReference; lastKnownFileType = sourcecode.swift; path = CircularView.swift; sourceTree = "<group>"; };
		D25FCD5C27F85EB80007E65D /* AccountAssembly.swift */ = {isa = PBXFileReference; lastKnownFileType = sourcecode.swift; path = AccountAssembly.swift; sourceTree = "<group>"; };
		D25FCD5F27F8664F0007E65D /* AccountTableViewCell.swift */ = {isa = PBXFileReference; lastKnownFileType = sourcecode.swift; path = AccountTableViewCell.swift; sourceTree = "<group>"; };
		D25FCD6127F8666C0007E65D /* Settings.swift */ = {isa = PBXFileReference; lastKnownFileType = sourcecode.swift; path = Settings.swift; sourceTree = "<group>"; };
		D26EFEFF28007E560019F1EC /* UIViewController+Extensions.swift */ = {isa = PBXFileReference; lastKnownFileType = sourcecode.swift; path = "UIViewController+Extensions.swift"; sourceTree = "<group>"; };
		D26EFF02280085830019F1EC /* AccountInteractorProtocol.swift */ = {isa = PBXFileReference; lastKnownFileType = sourcecode.swift; path = AccountInteractorProtocol.swift; sourceTree = "<group>"; };
		D26EFF04280085950019F1EC /* AccountInteractor.swift */ = {isa = PBXFileReference; lastKnownFileType = sourcecode.swift; path = AccountInteractor.swift; sourceTree = "<group>"; };
		D26EFF072800886D0019F1EC /* SettingsManagerProtocol.swift */ = {isa = PBXFileReference; lastKnownFileType = sourcecode.swift; path = SettingsManagerProtocol.swift; sourceTree = "<group>"; };
		D26EFF09280088780019F1EC /* SettingsManager.swift */ = {isa = PBXFileReference; lastKnownFileType = sourcecode.swift; path = SettingsManager.swift; sourceTree = "<group>"; };
		D26EFF0B28009F480019F1EC /* UITextField+Extensions.swift */ = {isa = PBXFileReference; lastKnownFileType = sourcecode.swift; path = "UITextField+Extensions.swift"; sourceTree = "<group>"; };
		D26EFF0E2800A3430019F1EC /* AccountRouterProtocol.swift */ = {isa = PBXFileReference; lastKnownFileType = sourcecode.swift; path = AccountRouterProtocol.swift; sourceTree = "<group>"; };
		D26EFF102800A4240019F1EC /* AccountRouter.swift */ = {isa = PBXFileReference; lastKnownFileType = sourcecode.swift; path = AccountRouter.swift; sourceTree = "<group>"; };
		D294305327F79303001CFEC6 /* AuthorizationAssembly.swift */ = {isa = PBXFileReference; lastKnownFileType = sourcecode.swift; path = AuthorizationAssembly.swift; sourceTree = "<group>"; };
		D2A5A42E27E5E4E400E503AA /* R.generated.swift */ = {isa = PBXFileReference; lastKnownFileType = sourcecode.swift; path = R.generated.swift; sourceTree = "<group>"; };
		D2AB637B27DCCA0000CE4441 /* Localizable.strings */ = {isa = PBXFileReference; lastKnownFileType = text.plist.strings; path = Localizable.strings; sourceTree = "<group>"; };
		D2D1168127DE49FE0026692E /* RegistrationViewInput.swift */ = {isa = PBXFileReference; lastKnownFileType = sourcecode.swift; path = RegistrationViewInput.swift; sourceTree = "<group>"; };
		D2D1168327DE4A0F0026692E /* RegistrationViewOutput.swift */ = {isa = PBXFileReference; lastKnownFileType = sourcecode.swift; path = RegistrationViewOutput.swift; sourceTree = "<group>"; };
		D2D1168527DE4B230026692E /* RegistrationPresenter.swift */ = {isa = PBXFileReference; lastKnownFileType = sourcecode.swift; path = RegistrationPresenter.swift; sourceTree = "<group>"; };
		D2D1168927DE78CE0026692E /* CommonTextField.swift */ = {isa = PBXFileReference; lastKnownFileType = sourcecode.swift; path = CommonTextField.swift; sourceTree = "<group>"; };
		D2D1168C27DE80F40026692E /* CommonButton.swift */ = {isa = PBXFileReference; lastKnownFileType = sourcecode.swift; path = CommonButton.swift; sourceTree = "<group>"; };
		D2D3C24627EF4EEA003394A1 /* PasswordTextField.swift */ = {isa = PBXFileReference; lastKnownFileType = sourcecode.swift; path = PasswordTextField.swift; sourceTree = "<group>"; };
		D2FB5D5227EDA50900CBDB00 /* AuthorizationViewController.swift */ = {isa = PBXFileReference; lastKnownFileType = sourcecode.swift; path = AuthorizationViewController.swift; sourceTree = "<group>"; };
		D2FB5D5427EDA54800CBDB00 /* AuthorizationPresenter.swift */ = {isa = PBXFileReference; lastKnownFileType = sourcecode.swift; path = AuthorizationPresenter.swift; sourceTree = "<group>"; };
		D2FB5D5727EDA5A700CBDB00 /* AuthorizationViewInput.swift */ = {isa = PBXFileReference; lastKnownFileType = sourcecode.swift; path = AuthorizationViewInput.swift; sourceTree = "<group>"; };
		D2FB5D5927EDA5B300CBDB00 /* AuthorizationViewOutput.swift */ = {isa = PBXFileReference; lastKnownFileType = sourcecode.swift; path = AuthorizationViewOutput.swift; sourceTree = "<group>"; };
		F1A4ACC204322E3866C8050E /* Pods_Find_and_Learn.framework */ = {isa = PBXFileReference; explicitFileType = wrapper.framework; includeInIndex = 0; path = Pods_Find_and_Learn.framework; sourceTree = BUILT_PRODUCTS_DIR; };
/* End PBXFileReference section */

/* Begin PBXFrameworksBuildPhase section */
		44E59E6F27C7A7B00061C14D /* Frameworks */ = {
			isa = PBXFrameworksBuildPhase;
			buildActionMask = 2147483647;
			files = (
				C1EBC6FF900B3E2A5498E8D8 /* Pods_Find_and_Learn.framework in Frameworks */,
			);
			runOnlyForDeploymentPostprocessing = 0;
		};
/* End PBXFrameworksBuildPhase section */

/* Begin PBXGroup section */
		00108970D2082C38954BDA71 /* Frameworks */ = {
			isa = PBXGroup;
			children = (
				F1A4ACC204322E3866C8050E /* Pods_Find_and_Learn.framework */,
			);
			name = Frameworks;
			sourceTree = "<group>";
		};
		441F8B6427EC7F500066358F /* Main */ = {
			isa = PBXGroup;
			children = (
				44BE5DD327E52A3C0024F268 /* Dictionary */,
				D25FCD4E27F852FD0007E65D /* Account */,
			);
			path = Main;
			sourceTree = "<group>";
		};
		441F8B6527EC81A80066358F /* Services */ = {
			isa = PBXGroup;
			children = (
				D26EFF06280088480019F1EC /* Settings Manager */,
				44D5811027E7B34000DBCC4E /* Data Managers */,
			);
			path = Services;
			sourceTree = "<group>";
		};
		441F8B6627EC82AE0066358F /* Modules */ = {
			isa = PBXGroup;
			children = (
				44DC5FE427FF08F4005EACAE /* Favorite Words */,
				44F379E127FC4356001F02F4 /* History Words */,
				447D706D27EE4DD00011A7F4 /* Search Words */,
			);
			path = Modules;
			sourceTree = "<group>";
		};
		4443518A27F7139400C5BE28 /* Extensions */ = {
			isa = PBXGroup;
			children = (
				4443518B27F713D200C5BE28 /* UITableView+Extensions.swift */,
				44F379DD27FC407B001F02F4 /* Date+Extensions.swift */,
				44F379DF27FC41A6001F02F4 /* DateFormatter+Extensions.swift */,
				D228053527FAC2E000D8B60E /* UIButton+Extensions.swift */,
				D223696A27FB5A6500C5F1C3 /* Notification+Extensions.swift */,
				D26EFEFF28007E560019F1EC /* UIViewController+Extensions.swift */,
				D26EFF0B28009F480019F1EC /* UITextField+Extensions.swift */,
			);
			path = Extensions;
			sourceTree = "<group>";
		};
		44499F4027F5A7E80022CF95 /* Protocols */ = {
			isa = PBXGroup;
			children = (
				44BCCAB827F8C16E00C1189B /* RouterProtocol.swift */,
				44499F4527F5A90D0022CF95 /* AssemblyProtocol.swift */,
			);
			path = Protocols;
			sourceTree = "<group>";
		};
		447D706D27EE4DD00011A7F4 /* Search Words */ = {
			isa = PBXGroup;
			children = (
				442BD8EB27F57D4500FE3760 /* SearchWordsAssembly.swift */,
				44BCCABF27F8D49500C1189B /* Router */,
				447D707927EE53F70011A7F4 /* Interactor */,
				447D707327EE4E9A0011A7F4 /* Presenter */,
				447D706E27EE4DDC0011A7F4 /* View */,
			);
			path = "Search Words";
			sourceTree = "<group>";
		};
		447D706E27EE4DDC0011A7F4 /* View */ = {
			isa = PBXGroup;
			children = (
				44BE5DDB27E530490024F268 /* SearchWordsViewController.swift */,
				447D706F27EE4E490011A7F4 /* SearchWordsViewInput.swift */,
				447D707127EE4E5C0011A7F4 /* SearchWordsViewOutput.swift */,
				4418F43327F23B6B00F08570 /* SearchWordsTableViewCell.swift */,
			);
			path = View;
			sourceTree = "<group>";
		};
		447D707327EE4E9A0011A7F4 /* Presenter */ = {
			isa = PBXGroup;
			children = (
				447D707427EE4EA90011A7F4 /* SearchWordsPresenter.swift */,
			);
			path = Presenter;
			sourceTree = "<group>";
		};
		447D707927EE53F70011A7F4 /* Interactor */ = {
			isa = PBXGroup;
			children = (
				447D707A27EE53FF0011A7F4 /* SearchWordsInteractorProtocol.swift */,
				447D707E27EE54810011A7F4 /* SearchWordsInteractor.swift */,
			);
			path = Interactor;
			sourceTree = "<group>";
		};
		44BCCABF27F8D49500C1189B /* Router */ = {
			isa = PBXGroup;
			children = (
				44BCCAC227F8D50600C1189B /* SearchWordsRouterProtocol.swift */,
				44BCCAC027F8D4FF00C1189B /* SearchWordsRouter.swift */,
			);
			path = Router;
			sourceTree = "<group>";
		};
		44BE5DD327E52A3C0024F268 /* Dictionary */ = {
			isa = PBXGroup;
			children = (
				442BD8E727F5789400FE3760 /* DictionaryAssembly.swift */,
				441F8B6627EC82AE0066358F /* Modules */,
			);
			path = Dictionary;
			sourceTree = "<group>";
		};
		44BE5DDD27E531F30024F268 /* Models */ = {
			isa = PBXGroup;
			children = (
				44BE5DDE27E531FD0024F268 /* Word.swift */,
				44D5811727E7D74500DBCC4E /* User.swift */,
				D25FCD6127F8666C0007E65D /* Settings.swift */,
			);
			path = Models;
			sourceTree = "<group>";
		};
		44D5811027E7B34000DBCC4E /* Data Managers */ = {
			isa = PBXGroup;
			children = (
				447D708027EE55600011A7F4 /* DataManagerProtocol.swift */,
				442BD8E927F57CFC00FE3760 /* DataManagerMock.swift */,
			);
			path = "Data Managers";
			sourceTree = "<group>";
		};
		44DC5FE427FF08F4005EACAE /* Favorite Words */ = {
			isa = PBXGroup;
			children = (
				44DC5FE527FF090E005EACAE /* FavoriteWordsAssembly.swift */,
				44DC5FEA27FF0938005EACAE /* Router */,
				44DC5FE927FF0932005EACAE /* Interactor */,
				44DC5FE827FF092C005EACAE /* Presenter */,
				44DC5FE727FF0925005EACAE /* View */,
			);
			path = "Favorite Words";
			sourceTree = "<group>";
		};
		44DC5FE727FF0925005EACAE /* View */ = {
			isa = PBXGroup;
			children = (
				44DC5FEF27FF0A31005EACAE /* FavoriteWordsViewInput.swift */,
				44DC5FF127FF0A39005EACAE /* FavoriteWordsViewOutput.swift */,
				44DC5FF927FF24B4005EACAE /* FavoriteWordsViewController.swift */,
				44DC5FFB27FF260D005EACAE /* FavoriteWordsTableViewCell.swift */,
			);
			path = View;
			sourceTree = "<group>";
		};
		44DC5FE827FF092C005EACAE /* Presenter */ = {
			isa = PBXGroup;
			children = (
				44DC5FF727FF0E0B005EACAE /* FavoriteWordsPresenter.swift */,
			);
			path = Presenter;
			sourceTree = "<group>";
		};
		44DC5FE927FF0932005EACAE /* Interactor */ = {
			isa = PBXGroup;
			children = (
				44DC5FED27FF0A25005EACAE /* FavoriteWordsInteractorProtocol.swift */,
				44DC5FF527FF0CD5005EACAE /* FavoriteWordsInteractor.swift */,
			);
			path = Interactor;
			sourceTree = "<group>";
		};
		44DC5FEA27FF0938005EACAE /* Router */ = {
			isa = PBXGroup;
			children = (
				44DC5FEB27FF0A05005EACAE /* FavoriteWordsRouterProtocol.swift */,
				44DC5FF327FF0C6C005EACAE /* FavoriteWordsRouter.swift */,
			);
			path = Router;
			sourceTree = "<group>";
		};
		44E59E6927C7A7B00061C14D = {
			isa = PBXGroup;
			children = (
				44E59E7427C7A7B00061C14D /* Source */,
				D2AB637927DCC9AB00CE4441 /* Resources */,
				D2AB637827DCC90400CE4441 /* Supporting Files */,
				D2A5A42D27E5E2D300E503AA /* Autogenerated Files */,
				44E59E7327C7A7B00061C14D /* Products */,
				B37951C05643AA6F11C45359 /* Pods */,
				00108970D2082C38954BDA71 /* Frameworks */,
			);
			sourceTree = "<group>";
		};
		44E59E7327C7A7B00061C14D /* Products */ = {
			isa = PBXGroup;
			children = (
				44E59E7227C7A7B00061C14D /* Find-and-Learn.app */,
			);
			name = Products;
			sourceTree = "<group>";
		};
		44E59E7427C7A7B00061C14D /* Source */ = {
			isa = PBXGroup;
			children = (
				44E59E7527C7A7B00061C14D /* AppDelegate.swift */,
				4443518A27F7139400C5BE28 /* Extensions */,
				44499F4027F5A7E80022CF95 /* Protocols */,
				441F8B6527EC81A80066358F /* Services */,
				44BE5DDD27E531F30024F268 /* Models */,
				D2D1168727DE78AE0026692E /* Components */,
				D2AB637E27DCCC7A00CE4441 /* Scenarios */,
			);
			path = Source;
			sourceTree = "<group>";
		};
		44F379E127FC4356001F02F4 /* History Words */ = {
			isa = PBXGroup;
			children = (
				44F379E427FC4389001F02F4 /* HistoryWordsAssembly.swift */,
				44F379EE27FC45AA001F02F4 /* Router */,
				44F379E627FC43A3001F02F4 /* Interactor */,
				44F379EB27FC4507001F02F4 /* Presenter */,
				44F379F327FC45F7001F02F4 /* View */,
			);
			path = "History Words";
			sourceTree = "<group>";
		};
		44F379E627FC43A3001F02F4 /* Interactor */ = {
			isa = PBXGroup;
			children = (
				44F379E927FC43F0001F02F4 /* HistoryWordsInteractorProtocol.swift */,
				44F379E727FC43C0001F02F4 /* HistoryWordsInteractor.swift */,
			);
			path = Interactor;
			sourceTree = "<group>";
		};
		44F379EB27FC4507001F02F4 /* Presenter */ = {
			isa = PBXGroup;
			children = (
				44F379EC27FC4510001F02F4 /* HistoryWordsPresenter.swift */,
			);
			path = Presenter;
			sourceTree = "<group>";
		};
		44F379EE27FC45AA001F02F4 /* Router */ = {
			isa = PBXGroup;
			children = (
				44F379F127FC45D7001F02F4 /* HistoryWordsRouterProtocol.swift */,
				44F379EF27FC45BE001F02F4 /* HistoryWordsRouter.swift */,
			);
			path = Router;
			sourceTree = "<group>";
		};
		44F379F327FC45F7001F02F4 /* View */ = {
			isa = PBXGroup;
			children = (
				44F379F827FC46A9001F02F4 /* HistoryWordsViewInput.swift */,
				44F379FA27FC46C2001F02F4 /* HistoryWordsViewOutput.swift */,
				44F379F627FC466A001F02F4 /* HistoryWordsViewController.swift */,
				44F379F427FC4616001F02F4 /* HistoryWordsTableViewCell.swift */,
			);
			path = View;
			sourceTree = "<group>";
		};
		B37951C05643AA6F11C45359 /* Pods */ = {
			isa = PBXGroup;
			children = (
				0A42D9ADE903C246D73484BC /* Pods-Find-and-Learn.debug.xcconfig */,
				773BB3E00B70B692D1E11AD0 /* Pods-Find-and-Learn.release.xcconfig */,
			);
			path = Pods;
			sourceTree = "<group>";
		};
		D217568F27EB24C200C3D545 /* Password Recovery */ = {
			isa = PBXGroup;
			children = (
				D217569427EB25BC00C3D545 /* Protocols */,
				D217569027EB250800C3D545 /* PasswordRecoveryViewController.swift */,
				D217569227EB257F00C3D545 /* PasswordRecoveryPresenter.swift */,
				D228F69B27F799B70012E3C1 /* PasswordRecoveryAssembly.swift */,
			);
			path = "Password Recovery";
			sourceTree = "<group>";
		};
		D217569427EB25BC00C3D545 /* Protocols */ = {
			isa = PBXGroup;
			children = (
				D217569527EB25E200C3D545 /* PasswordRecoveryViewInput.swift */,
				D217569727EB25F100C3D545 /* PasswordRecoveryViewOutput.swift */,
			);
			path = Protocols;
			sourceTree = "<group>";
		};
		D25FCD4E27F852FD0007E65D /* Account */ = {
			isa = PBXGroup;
			children = (
				D25FCD5C27F85EB80007E65D /* AccountAssembly.swift */,
				D26EFF0D2800A3310019F1EC /* Router */,
				D26EFF01280085560019F1EC /* Interactor */,
				D25FCD5627F854010007E65D /* Presenter */,
				D25FCD4F27F8534E0007E65D /* View */,
			);
			path = Account;
			sourceTree = "<group>";
		};
		D25FCD4F27F8534E0007E65D /* View */ = {
			isa = PBXGroup;
			children = (
				D25FCD5E27F866370007E65D /* Cells */,
				D25FCD5027F8536B0007E65D /* AccountViewController.swift */,
				D25FCD5227F853A10007E65D /* AccountViewInput.swift */,
				D25FCD5427F853AF0007E65D /* AccountViewOutput.swift */,
			);
			path = View;
			sourceTree = "<group>";
		};
		D25FCD5627F854010007E65D /* Presenter */ = {
			isa = PBXGroup;
			children = (
				D25FCD5727F854160007E65D /* AccountPresenter.swift */,
			);
			path = Presenter;
			sourceTree = "<group>";
		};
		D25FCD5927F858960007E65D /* Views */ = {
			isa = PBXGroup;
			children = (
				D25FCD5A27F858C10007E65D /* CircularView.swift */,
			);
			path = Views;
			sourceTree = "<group>";
		};
		D25FCD5E27F866370007E65D /* Cells */ = {
			isa = PBXGroup;
			children = (
				D25FCD5F27F8664F0007E65D /* AccountTableViewCell.swift */,
			);
			path = Cells;
			sourceTree = "<group>";
		};
		D26EFF01280085560019F1EC /* Interactor */ = {
			isa = PBXGroup;
			children = (
				D26EFF02280085830019F1EC /* AccountInteractorProtocol.swift */,
				D26EFF04280085950019F1EC /* AccountInteractor.swift */,
			);
			path = Interactor;
			sourceTree = "<group>";
		};
		D26EFF06280088480019F1EC /* Settings Manager */ = {
			isa = PBXGroup;
			children = (
				D26EFF072800886D0019F1EC /* SettingsManagerProtocol.swift */,
				D26EFF09280088780019F1EC /* SettingsManager.swift */,
			);
			path = "Settings Manager";
			sourceTree = "<group>";
		};
		D26EFF0D2800A3310019F1EC /* Router */ = {
			isa = PBXGroup;
			children = (
				D26EFF0E2800A3430019F1EC /* AccountRouterProtocol.swift */,
				D26EFF102800A4240019F1EC /* AccountRouter.swift */,
			);
			path = Router;
			sourceTree = "<group>";
		};
		D2A5A42D27E5E2D300E503AA /* Autogenerated Files */ = {
			isa = PBXGroup;
			children = (
				D2A5A42E27E5E4E400E503AA /* R.generated.swift */,
			);
			path = "Autogenerated Files";
			sourceTree = "<group>";
		};
		D2AB637827DCC90400CE4441 /* Supporting Files */ = {
			isa = PBXGroup;
			children = (
				44E59E8327C7A7B30061C14D /* Info.plist */,
			);
			path = "Supporting Files";
			sourceTree = "<group>";
		};
		D2AB637927DCC9AB00CE4441 /* Resources */ = {
			isa = PBXGroup;
			children = (
				D2AB637A27DCC9D100CE4441 /* Strings */,
				44E59E7E27C7A7B30061C14D /* Assets.xcassets */,
				44E59E8027C7A7B30061C14D /* LaunchScreen.storyboard */,
			);
			path = Resources;
			sourceTree = "<group>";
		};
		D2AB637A27DCC9D100CE4441 /* Strings */ = {
			isa = PBXGroup;
			children = (
				D2AB637B27DCCA0000CE4441 /* Localizable.strings */,
				44449EFA27F04ABF008A9624 /* SystemIconsNames.strings */,
			);
			path = Strings;
			sourceTree = "<group>";
		};
		D2AB637E27DCCC7A00CE4441 /* Scenarios */ = {
			isa = PBXGroup;
			children = (
				D2AB637F27DCCC9200CE4441 /* Entrance */,
				441F8B6427EC7F500066358F /* Main */,
			);
			path = Scenarios;
			sourceTree = "<group>";
		};
		D2AB637F27DCCC9200CE4441 /* Entrance */ = {
			isa = PBXGroup;
			children = (
				D2D1167F27DE42D40026692E /* Modules */,
			);
			path = Entrance;
			sourceTree = "<group>";
		};
		D2AB638027DCCCA900CE4441 /* Registration */ = {
			isa = PBXGroup;
			children = (
				D2D1168027DE49E20026692E /* Protocols */,
				44E59E7927C7A7B00061C14D /* RegistrationViewController.swift */,
				D2D1168527DE4B230026692E /* RegistrationPresenter.swift */,
			);
			path = Registration;
			sourceTree = "<group>";
		};
		D2D1167F27DE42D40026692E /* Modules */ = {
			isa = PBXGroup;
			children = (
				D2FB5D5127EDA4DB00CBDB00 /* Authorization */,
				D2AB638027DCCCA900CE4441 /* Registration */,
				D217568F27EB24C200C3D545 /* Password Recovery */,
			);
			path = Modules;
			sourceTree = "<group>";
		};
		D2D1168027DE49E20026692E /* Protocols */ = {
			isa = PBXGroup;
			children = (
				D2D1168127DE49FE0026692E /* RegistrationViewInput.swift */,
				D2D1168327DE4A0F0026692E /* RegistrationViewOutput.swift */,
			);
			path = Protocols;
			sourceTree = "<group>";
		};
		D2D1168727DE78AE0026692E /* Components */ = {
			isa = PBXGroup;
			children = (
				D25FCD5927F858960007E65D /* Views */,
				D2D1168B27DE80E20026692E /* Buttons */,
				D2D1168827DE78B80026692E /* TextFields */,
			);
			path = Components;
			sourceTree = "<group>";
		};
		D2D1168827DE78B80026692E /* TextFields */ = {
			isa = PBXGroup;
			children = (
				D2D1168927DE78CE0026692E /* CommonTextField.swift */,
				D2D3C24627EF4EEA003394A1 /* PasswordTextField.swift */,
			);
			path = TextFields;
			sourceTree = "<group>";
		};
		D2D1168B27DE80E20026692E /* Buttons */ = {
			isa = PBXGroup;
			children = (
				D2D1168C27DE80F40026692E /* CommonButton.swift */,
			);
			path = Buttons;
			sourceTree = "<group>";
		};
		D2FB5D5127EDA4DB00CBDB00 /* Authorization */ = {
			isa = PBXGroup;
			children = (
				D2FB5D5627EDA58700CBDB00 /* Protocols */,
				D2FB5D5227EDA50900CBDB00 /* AuthorizationViewController.swift */,
				D2FB5D5427EDA54800CBDB00 /* AuthorizationPresenter.swift */,
				D294305327F79303001CFEC6 /* AuthorizationAssembly.swift */,
			);
			path = Authorization;
			sourceTree = "<group>";
		};
		D2FB5D5627EDA58700CBDB00 /* Protocols */ = {
			isa = PBXGroup;
			children = (
				D2FB5D5727EDA5A700CBDB00 /* AuthorizationViewInput.swift */,
				D2FB5D5927EDA5B300CBDB00 /* AuthorizationViewOutput.swift */,
			);
			path = Protocols;
			sourceTree = "<group>";
		};
/* End PBXGroup section */

/* Begin PBXNativeTarget section */
		44E59E7127C7A7B00061C14D /* Find-and-Learn */ = {
			isa = PBXNativeTarget;
			buildConfigurationList = 44E59E8627C7A7B30061C14D /* Build configuration list for PBXNativeTarget "Find-and-Learn" */;
			buildPhases = (
				6B57D475C575F7C9AE5AE37E /* [CP] Check Pods Manifest.lock */,
				D2193CC127E5DEC0003DD2CF /* RSwift generating */,
				44E59E6E27C7A7B00061C14D /* Sources */,
				44E59E6F27C7A7B00061C14D /* Frameworks */,
				44E59E7027C7A7B00061C14D /* Resources */,
				448B8A0A27C7DC3600CC65A4 /* SwiftLint */,
				289BE2D462F998A30BC32449 /* [CP] Embed Pods Frameworks */,
			);
			buildRules = (
			);
			dependencies = (
			);
			name = "Find-and-Learn";
			productName = "Find-and-Learn";
			productReference = 44E59E7227C7A7B00061C14D /* Find-and-Learn.app */;
			productType = "com.apple.product-type.application";
		};
/* End PBXNativeTarget section */

/* Begin PBXProject section */
		44E59E6A27C7A7B00061C14D /* Project object */ = {
			isa = PBXProject;
			attributes = {
				BuildIndependentTargetsInParallel = 1;
				LastSwiftUpdateCheck = 1320;
				LastUpgradeCheck = 1320;
				TargetAttributes = {
					44E59E7127C7A7B00061C14D = {
						CreatedOnToolsVersion = 13.2.1;
					};
				};
			};
			buildConfigurationList = 44E59E6D27C7A7B00061C14D /* Build configuration list for PBXProject "Find-and-Learn" */;
			compatibilityVersion = "Xcode 13.0";
			developmentRegion = en;
			hasScannedForEncodings = 0;
			knownRegions = (
				en,
				Base,
			);
			mainGroup = 44E59E6927C7A7B00061C14D;
			productRefGroup = 44E59E7327C7A7B00061C14D /* Products */;
			projectDirPath = "";
			projectRoot = "";
			targets = (
				44E59E7127C7A7B00061C14D /* Find-and-Learn */,
			);
		};
/* End PBXProject section */

/* Begin PBXResourcesBuildPhase section */
		44E59E7027C7A7B00061C14D /* Resources */ = {
			isa = PBXResourcesBuildPhase;
			buildActionMask = 2147483647;
			files = (
				44E59E8227C7A7B30061C14D /* LaunchScreen.storyboard in Resources */,
				44449EFB27F04ABF008A9624 /* SystemIconsNames.strings in Resources */,
				D2AB637C27DCCA0000CE4441 /* Localizable.strings in Resources */,
				44E59E7F27C7A7B30061C14D /* Assets.xcassets in Resources */,
			);
			runOnlyForDeploymentPostprocessing = 0;
		};
/* End PBXResourcesBuildPhase section */

/* Begin PBXShellScriptBuildPhase section */
		289BE2D462F998A30BC32449 /* [CP] Embed Pods Frameworks */ = {
			isa = PBXShellScriptBuildPhase;
			buildActionMask = 2147483647;
			files = (
			);
			inputFileListPaths = (
				"${PODS_ROOT}/Target Support Files/Pods-Find-and-Learn/Pods-Find-and-Learn-frameworks-${CONFIGURATION}-input-files.xcfilelist",
			);
			name = "[CP] Embed Pods Frameworks";
			outputFileListPaths = (
				"${PODS_ROOT}/Target Support Files/Pods-Find-and-Learn/Pods-Find-and-Learn-frameworks-${CONFIGURATION}-output-files.xcfilelist",
			);
			runOnlyForDeploymentPostprocessing = 0;
			shellPath = /bin/sh;
			shellScript = "\"${PODS_ROOT}/Target Support Files/Pods-Find-and-Learn/Pods-Find-and-Learn-frameworks.sh\"\n";
			showEnvVarsInLog = 0;
		};
		448B8A0A27C7DC3600CC65A4 /* SwiftLint */ = {
			isa = PBXShellScriptBuildPhase;
			buildActionMask = 2147483647;
			files = (
			);
			inputFileListPaths = (
			);
			inputPaths = (
			);
			name = SwiftLint;
			outputFileListPaths = (
			);
			outputPaths = (
			);
			runOnlyForDeploymentPostprocessing = 0;
			shellPath = /bin/sh;
			shellScript = "\"${PODS_ROOT}/SwiftLint/swiftlint\"\n";
		};
		6B57D475C575F7C9AE5AE37E /* [CP] Check Pods Manifest.lock */ = {
			isa = PBXShellScriptBuildPhase;
			buildActionMask = 2147483647;
			files = (
			);
			inputFileListPaths = (
			);
			inputPaths = (
				"${PODS_PODFILE_DIR_PATH}/Podfile.lock",
				"${PODS_ROOT}/Manifest.lock",
			);
			name = "[CP] Check Pods Manifest.lock";
			outputFileListPaths = (
			);
			outputPaths = (
				"$(DERIVED_FILE_DIR)/Pods-Find-and-Learn-checkManifestLockResult.txt",
			);
			runOnlyForDeploymentPostprocessing = 0;
			shellPath = /bin/sh;
			shellScript = "diff \"${PODS_PODFILE_DIR_PATH}/Podfile.lock\" \"${PODS_ROOT}/Manifest.lock\" > /dev/null\nif [ $? != 0 ] ; then\n    # print error to STDERR\n    echo \"error: The sandbox is not in sync with the Podfile.lock. Run 'pod install' or update your CocoaPods installation.\" >&2\n    exit 1\nfi\n# This output is used by Xcode 'outputs' to avoid re-running this script phase.\necho \"SUCCESS\" > \"${SCRIPT_OUTPUT_FILE_0}\"\n";
			showEnvVarsInLog = 0;
		};
		D2193CC127E5DEC0003DD2CF /* RSwift generating */ = {
			isa = PBXShellScriptBuildPhase;
			alwaysOutOfDate = 1;
			buildActionMask = 2147483647;
			files = (
			);
			inputFileListPaths = (
			);
			inputPaths = (
			);
			name = "RSwift generating";
			outputFileListPaths = (
			);
			outputPaths = (
				"$SRCROOT/Autogenerated Files/R.generated.swift",
			);
			runOnlyForDeploymentPostprocessing = 0;
			shellPath = /bin/sh;
			shellScript = "\"$PODS_ROOT/R.swift/rswift\" generate \"$SRCROOT/Autogenerated Files/R.generated.swift\"\n";
			showEnvVarsInLog = 0;
		};
/* End PBXShellScriptBuildPhase section */

/* Begin PBXSourcesBuildPhase section */
		44E59E6E27C7A7B00061C14D /* Sources */ = {
			isa = PBXSourcesBuildPhase;
			buildActionMask = 2147483647;
			files = (
				D2D1168D27DE80F40026692E /* CommonButton.swift in Sources */,
				D2D1168A27DE78CE0026692E /* CommonTextField.swift in Sources */,
				44F379E527FC4389001F02F4 /* HistoryWordsAssembly.swift in Sources */,
				D26EFF0C28009F480019F1EC /* UITextField+Extensions.swift in Sources */,
				44DC5FF227FF0A39005EACAE /* FavoriteWordsViewOutput.swift in Sources */,
				D25FCD5127F8536B0007E65D /* AccountViewController.swift in Sources */,
				D217569827EB25F100C3D545 /* PasswordRecoveryViewOutput.swift in Sources */,
				D294305427F79303001CFEC6 /* AuthorizationAssembly.swift in Sources */,
				44DC5FFA27FF24B4005EACAE /* FavoriteWordsViewController.swift in Sources */,
				44DC5FF627FF0CD5005EACAE /* FavoriteWordsInteractor.swift in Sources */,
				44DC5FF027FF0A31005EACAE /* FavoriteWordsViewInput.swift in Sources */,
				D217569127EB250800C3D545 /* PasswordRecoveryViewController.swift in Sources */,
				D25FCD6027F8664F0007E65D /* AccountTableViewCell.swift in Sources */,
				44BCCAC327F8D50600C1189B /* SearchWordsRouterProtocol.swift in Sources */,
				44F379FB27FC46C2001F02F4 /* HistoryWordsViewOutput.swift in Sources */,
				D2D1168227DE49FE0026692E /* RegistrationViewInput.swift in Sources */,
				44DC5FE627FF090E005EACAE /* FavoriteWordsAssembly.swift in Sources */,
				D26EFF0A280088780019F1EC /* SettingsManager.swift in Sources */,
				44F379E827FC43C0001F02F4 /* HistoryWordsInteractor.swift in Sources */,
				D2FB5D5A27EDA5B300CBDB00 /* AuthorizationViewOutput.swift in Sources */,
				D2FB5D5327EDA50900CBDB00 /* AuthorizationViewController.swift in Sources */,
				D217569627EB25E200C3D545 /* PasswordRecoveryViewInput.swift in Sources */,
				44499F4627F5A90D0022CF95 /* AssemblyProtocol.swift in Sources */,
				44F379ED27FC4510001F02F4 /* HistoryWordsPresenter.swift in Sources */,
				44F379F227FC45D7001F02F4 /* HistoryWordsRouterProtocol.swift in Sources */,
				44DC5FEC27FF0A05005EACAE /* FavoriteWordsRouterProtocol.swift in Sources */,
				44F379F727FC466A001F02F4 /* HistoryWordsViewController.swift in Sources */,
				D217569327EB257F00C3D545 /* PasswordRecoveryPresenter.swift in Sources */,
				D26EFF05280085950019F1EC /* AccountInteractor.swift in Sources */,
				D25FCD5B27F858C10007E65D /* CircularView.swift in Sources */,
				D26EFF0F2800A3430019F1EC /* AccountRouterProtocol.swift in Sources */,
				44DC5FF827FF0E0B005EACAE /* FavoriteWordsPresenter.swift in Sources */,
				44F379E027FC41A6001F02F4 /* DateFormatter+Extensions.swift in Sources */,
				44F379F027FC45BE001F02F4 /* HistoryWordsRouter.swift in Sources */,
				D228F69C27F799B70012E3C1 /* PasswordRecoveryAssembly.swift in Sources */,
				D2FB5D5527EDA54800CBDB00 /* AuthorizationPresenter.swift in Sources */,
				D26EFF03280085830019F1EC /* AccountInteractorProtocol.swift in Sources */,
				D2D1168627DE4B230026692E /* RegistrationPresenter.swift in Sources */,
				D2FB5D5827EDA5A700CBDB00 /* AuthorizationViewInput.swift in Sources */,
				D26EFF112800A4240019F1EC /* AccountRouter.swift in Sources */,
				4443518C27F713D200C5BE28 /* UITableView+Extensions.swift in Sources */,
				D25FCD5D27F85EB80007E65D /* AccountAssembly.swift in Sources */,
				D25FCD6227F8666C0007E65D /* Settings.swift in Sources */,
				442BD8E827F5789400FE3760 /* DictionaryAssembly.swift in Sources */,
				44BCCAC127F8D4FF00C1189B /* SearchWordsRouter.swift in Sources */,
				447D707B27EE53FF0011A7F4 /* SearchWordsInteractorProtocol.swift in Sources */,
				442BD8EA27F57CFC00FE3760 /* DataManagerMock.swift in Sources */,
				447D708127EE55600011A7F4 /* DataManagerProtocol.swift in Sources */,
				4418F43427F23B6B00F08570 /* SearchWordsTableViewCell.swift in Sources */,
				447D707527EE4EA90011A7F4 /* SearchWordsPresenter.swift in Sources */,
				44F379F927FC46A9001F02F4 /* HistoryWordsViewInput.swift in Sources */,
				44BCCAB927F8C16E00C1189B /* RouterProtocol.swift in Sources */,
				447D707227EE4E5C0011A7F4 /* SearchWordsViewOutput.swift in Sources */,
				D228053627FAC2E000D8B60E /* UIButton+Extensions.swift in Sources */,
				D2A5A42F27E5E4E500E503AA /* R.generated.swift in Sources */,
				D223696B27FB5A6500C5F1C3 /* Notification+Extensions.swift in Sources */,
				D25FCD5827F854160007E65D /* AccountPresenter.swift in Sources */,
				D25FCD5327F853A10007E65D /* AccountViewInput.swift in Sources */,
				D26EFF0028007E560019F1EC /* UIViewController+Extensions.swift in Sources */,
				D2D3C24727EF4EEA003394A1 /* PasswordTextField.swift in Sources */,
				D25FCD5527F853AF0007E65D /* AccountViewOutput.swift in Sources */,
				44E59E7A27C7A7B00061C14D /* RegistrationViewController.swift in Sources */,
				D2D1168427DE4A0F0026692E /* RegistrationViewOutput.swift in Sources */,
				44DC5FF427FF0C6C005EACAE /* FavoriteWordsRouter.swift in Sources */,
				44F379DE27FC407B001F02F4 /* Date+Extensions.swift in Sources */,
				44DC5FEE27FF0A25005EACAE /* FavoriteWordsInteractorProtocol.swift in Sources */,
				D26EFF082800886D0019F1EC /* SettingsManagerProtocol.swift in Sources */,
				44E59E7627C7A7B00061C14D /* AppDelegate.swift in Sources */,
				442BD8EC27F57D4500FE3760 /* SearchWordsAssembly.swift in Sources */,
				44F379F527FC4616001F02F4 /* HistoryWordsTableViewCell.swift in Sources */,
				447D707F27EE54810011A7F4 /* SearchWordsInteractor.swift in Sources */,
				44BE5DDC27E530490024F268 /* SearchWordsViewController.swift in Sources */,
				44DC5FFC27FF260D005EACAE /* FavoriteWordsTableViewCell.swift in Sources */,
				44F379EA27FC43F0001F02F4 /* HistoryWordsInteractorProtocol.swift in Sources */,
				44D5811827E7D74500DBCC4E /* User.swift in Sources */,
				44BE5DDF27E531FD0024F268 /* Word.swift in Sources */,
				447D707027EE4E490011A7F4 /* SearchWordsViewInput.swift in Sources */,
			);
			runOnlyForDeploymentPostprocessing = 0;
		};
/* End PBXSourcesBuildPhase section */

/* Begin PBXVariantGroup section */
		44E59E8027C7A7B30061C14D /* LaunchScreen.storyboard */ = {
			isa = PBXVariantGroup;
			children = (
				44E59E8127C7A7B30061C14D /* Base */,
			);
			name = LaunchScreen.storyboard;
			sourceTree = "<group>";
		};
/* End PBXVariantGroup section */

/* Begin XCBuildConfiguration section */
		44E59E8427C7A7B30061C14D /* Debug */ = {
			isa = XCBuildConfiguration;
			buildSettings = {
				ALWAYS_SEARCH_USER_PATHS = NO;
				CLANG_ANALYZER_NONNULL = YES;
				CLANG_ANALYZER_NUMBER_OBJECT_CONVERSION = YES_AGGRESSIVE;
				CLANG_CXX_LANGUAGE_STANDARD = "gnu++17";
				CLANG_CXX_LIBRARY = "libc++";
				CLANG_ENABLE_MODULES = YES;
				CLANG_ENABLE_OBJC_ARC = YES;
				CLANG_ENABLE_OBJC_WEAK = YES;
				CLANG_WARN_BLOCK_CAPTURE_AUTORELEASING = YES;
				CLANG_WARN_BOOL_CONVERSION = YES;
				CLANG_WARN_COMMA = YES;
				CLANG_WARN_CONSTANT_CONVERSION = YES;
				CLANG_WARN_DEPRECATED_OBJC_IMPLEMENTATIONS = YES;
				CLANG_WARN_DIRECT_OBJC_ISA_USAGE = YES_ERROR;
				CLANG_WARN_DOCUMENTATION_COMMENTS = YES;
				CLANG_WARN_EMPTY_BODY = YES;
				CLANG_WARN_ENUM_CONVERSION = YES;
				CLANG_WARN_INFINITE_RECURSION = YES;
				CLANG_WARN_INT_CONVERSION = YES;
				CLANG_WARN_NON_LITERAL_NULL_CONVERSION = YES;
				CLANG_WARN_OBJC_IMPLICIT_RETAIN_SELF = YES;
				CLANG_WARN_OBJC_LITERAL_CONVERSION = YES;
				CLANG_WARN_OBJC_ROOT_CLASS = YES_ERROR;
				CLANG_WARN_QUOTED_INCLUDE_IN_FRAMEWORK_HEADER = YES;
				CLANG_WARN_RANGE_LOOP_ANALYSIS = YES;
				CLANG_WARN_STRICT_PROTOTYPES = YES;
				CLANG_WARN_SUSPICIOUS_MOVE = YES;
				CLANG_WARN_UNGUARDED_AVAILABILITY = YES_AGGRESSIVE;
				CLANG_WARN_UNREACHABLE_CODE = YES;
				CLANG_WARN__DUPLICATE_METHOD_MATCH = YES;
				COPY_PHASE_STRIP = NO;
				DEBUG_INFORMATION_FORMAT = dwarf;
				ENABLE_STRICT_OBJC_MSGSEND = YES;
				ENABLE_TESTABILITY = YES;
				EXCLUDED_ARCHS = arm86;
				GCC_C_LANGUAGE_STANDARD = gnu11;
				GCC_DYNAMIC_NO_PIC = NO;
				GCC_NO_COMMON_BLOCKS = YES;
				GCC_OPTIMIZATION_LEVEL = 0;
				GCC_PREPROCESSOR_DEFINITIONS = (
					"DEBUG=1",
					"$(inherited)",
				);
				GCC_WARN_64_TO_32_BIT_CONVERSION = YES;
				GCC_WARN_ABOUT_RETURN_TYPE = YES_ERROR;
				GCC_WARN_UNDECLARED_SELECTOR = YES;
				GCC_WARN_UNINITIALIZED_AUTOS = YES_AGGRESSIVE;
				GCC_WARN_UNUSED_FUNCTION = YES;
				GCC_WARN_UNUSED_VARIABLE = YES;
				IPHONEOS_DEPLOYMENT_TARGET = 13.0;
				MTL_ENABLE_DEBUG_INFO = INCLUDE_SOURCE;
				MTL_FAST_MATH = YES;
				ONLY_ACTIVE_ARCH = YES;
				SDKROOT = iphoneos;
				SWIFT_ACTIVE_COMPILATION_CONDITIONS = DEBUG;
				SWIFT_OPTIMIZATION_LEVEL = "-Onone";
			};
			name = Debug;
		};
		44E59E8527C7A7B30061C14D /* Release */ = {
			isa = XCBuildConfiguration;
			buildSettings = {
				ALWAYS_SEARCH_USER_PATHS = NO;
				CLANG_ANALYZER_NONNULL = YES;
				CLANG_ANALYZER_NUMBER_OBJECT_CONVERSION = YES_AGGRESSIVE;
				CLANG_CXX_LANGUAGE_STANDARD = "gnu++17";
				CLANG_CXX_LIBRARY = "libc++";
				CLANG_ENABLE_MODULES = YES;
				CLANG_ENABLE_OBJC_ARC = YES;
				CLANG_ENABLE_OBJC_WEAK = YES;
				CLANG_WARN_BLOCK_CAPTURE_AUTORELEASING = YES;
				CLANG_WARN_BOOL_CONVERSION = YES;
				CLANG_WARN_COMMA = YES;
				CLANG_WARN_CONSTANT_CONVERSION = YES;
				CLANG_WARN_DEPRECATED_OBJC_IMPLEMENTATIONS = YES;
				CLANG_WARN_DIRECT_OBJC_ISA_USAGE = YES_ERROR;
				CLANG_WARN_DOCUMENTATION_COMMENTS = YES;
				CLANG_WARN_EMPTY_BODY = YES;
				CLANG_WARN_ENUM_CONVERSION = YES;
				CLANG_WARN_INFINITE_RECURSION = YES;
				CLANG_WARN_INT_CONVERSION = YES;
				CLANG_WARN_NON_LITERAL_NULL_CONVERSION = YES;
				CLANG_WARN_OBJC_IMPLICIT_RETAIN_SELF = YES;
				CLANG_WARN_OBJC_LITERAL_CONVERSION = YES;
				CLANG_WARN_OBJC_ROOT_CLASS = YES_ERROR;
				CLANG_WARN_QUOTED_INCLUDE_IN_FRAMEWORK_HEADER = YES;
				CLANG_WARN_RANGE_LOOP_ANALYSIS = YES;
				CLANG_WARN_STRICT_PROTOTYPES = YES;
				CLANG_WARN_SUSPICIOUS_MOVE = YES;
				CLANG_WARN_UNGUARDED_AVAILABILITY = YES_AGGRESSIVE;
				CLANG_WARN_UNREACHABLE_CODE = YES;
				CLANG_WARN__DUPLICATE_METHOD_MATCH = YES;
				COPY_PHASE_STRIP = NO;
				DEBUG_INFORMATION_FORMAT = "dwarf-with-dsym";
				ENABLE_NS_ASSERTIONS = NO;
				ENABLE_STRICT_OBJC_MSGSEND = YES;
				EXCLUDED_ARCHS = arm86;
				GCC_C_LANGUAGE_STANDARD = gnu11;
				GCC_NO_COMMON_BLOCKS = YES;
				GCC_WARN_64_TO_32_BIT_CONVERSION = YES;
				GCC_WARN_ABOUT_RETURN_TYPE = YES_ERROR;
				GCC_WARN_UNDECLARED_SELECTOR = YES;
				GCC_WARN_UNINITIALIZED_AUTOS = YES_AGGRESSIVE;
				GCC_WARN_UNUSED_FUNCTION = YES;
				GCC_WARN_UNUSED_VARIABLE = YES;
				IPHONEOS_DEPLOYMENT_TARGET = 13.0;
				MTL_ENABLE_DEBUG_INFO = NO;
				MTL_FAST_MATH = YES;
				SDKROOT = iphoneos;
				SWIFT_COMPILATION_MODE = wholemodule;
				SWIFT_OPTIMIZATION_LEVEL = "-O";
				VALIDATE_PRODUCT = YES;
			};
			name = Release;
		};
		44E59E8727C7A7B30061C14D /* Debug */ = {
			isa = XCBuildConfiguration;
			baseConfigurationReference = 0A42D9ADE903C246D73484BC /* Pods-Find-and-Learn.debug.xcconfig */;
			buildSettings = {
				ASSETCATALOG_COMPILER_APPICON_NAME = AppIcon;
				ASSETCATALOG_COMPILER_GLOBAL_ACCENT_COLOR_NAME = AccentColor;
				CODE_SIGN_STYLE = Automatic;
				CURRENT_PROJECT_VERSION = 1;
				DEVELOPMENT_TEAM = BU5S75BK7N;
				GENERATE_INFOPLIST_FILE = YES;
				INFOPLIST_FILE = "Supporting Files/Info.plist";
				INFOPLIST_KEY_UIApplicationSupportsIndirectInputEvents = YES;
				INFOPLIST_KEY_UILaunchStoryboardName = LaunchScreen;
				INFOPLIST_KEY_UISupportedInterfaceOrientations_iPad = "UIInterfaceOrientationPortrait UIInterfaceOrientationPortraitUpsideDown UIInterfaceOrientationLandscapeLeft UIInterfaceOrientationLandscapeRight";
				INFOPLIST_KEY_UISupportedInterfaceOrientations_iPhone = "UIInterfaceOrientationPortrait UIInterfaceOrientationLandscapeLeft UIInterfaceOrientationLandscapeRight";
				LD_RUNPATH_SEARCH_PATHS = (
					"$(inherited)",
					"@executable_path/Frameworks",
				);
				MARKETING_VERSION = 1.0;
				PRODUCT_BUNDLE_IDENTIFIER = "Tinkoff-practice.Find-and-Learn";
				PRODUCT_NAME = "$(TARGET_NAME)";
				SWIFT_EMIT_LOC_STRINGS = YES;
				SWIFT_VERSION = 5.0;
				TARGETED_DEVICE_FAMILY = 1;
			};
			name = Debug;
		};
		44E59E8827C7A7B30061C14D /* Release */ = {
			isa = XCBuildConfiguration;
			baseConfigurationReference = 773BB3E00B70B692D1E11AD0 /* Pods-Find-and-Learn.release.xcconfig */;
			buildSettings = {
				ASSETCATALOG_COMPILER_APPICON_NAME = AppIcon;
				ASSETCATALOG_COMPILER_GLOBAL_ACCENT_COLOR_NAME = AccentColor;
				CODE_SIGN_STYLE = Automatic;
				CURRENT_PROJECT_VERSION = 1;
				DEVELOPMENT_TEAM = BU5S75BK7N;
				GENERATE_INFOPLIST_FILE = YES;
				INFOPLIST_FILE = "Supporting Files/Info.plist";
				INFOPLIST_KEY_UIApplicationSupportsIndirectInputEvents = YES;
				INFOPLIST_KEY_UILaunchStoryboardName = LaunchScreen;
				INFOPLIST_KEY_UISupportedInterfaceOrientations_iPad = "UIInterfaceOrientationPortrait UIInterfaceOrientationPortraitUpsideDown UIInterfaceOrientationLandscapeLeft UIInterfaceOrientationLandscapeRight";
				INFOPLIST_KEY_UISupportedInterfaceOrientations_iPhone = "UIInterfaceOrientationPortrait UIInterfaceOrientationLandscapeLeft UIInterfaceOrientationLandscapeRight";
				LD_RUNPATH_SEARCH_PATHS = (
					"$(inherited)",
					"@executable_path/Frameworks",
				);
				MARKETING_VERSION = 1.0;
				PRODUCT_BUNDLE_IDENTIFIER = "Tinkoff-practice.Find-and-Learn";
				PRODUCT_NAME = "$(TARGET_NAME)";
				SWIFT_EMIT_LOC_STRINGS = YES;
				SWIFT_VERSION = 5.0;
				TARGETED_DEVICE_FAMILY = 1;
			};
			name = Release;
		};
/* End XCBuildConfiguration section */

/* Begin XCConfigurationList section */
		44E59E6D27C7A7B00061C14D /* Build configuration list for PBXProject "Find-and-Learn" */ = {
			isa = XCConfigurationList;
			buildConfigurations = (
				44E59E8427C7A7B30061C14D /* Debug */,
				44E59E8527C7A7B30061C14D /* Release */,
			);
			defaultConfigurationIsVisible = 0;
			defaultConfigurationName = Release;
		};
		44E59E8627C7A7B30061C14D /* Build configuration list for PBXNativeTarget "Find-and-Learn" */ = {
			isa = XCConfigurationList;
			buildConfigurations = (
				44E59E8727C7A7B30061C14D /* Debug */,
				44E59E8827C7A7B30061C14D /* Release */,
			);
			defaultConfigurationIsVisible = 0;
			defaultConfigurationName = Release;
		};
/* End XCConfigurationList section */
	};
	rootObject = 44E59E6A27C7A7B00061C14D /* Project object */;
}
