// !$*UTF8*$!
{
	archiveVersion = 1;
	classes = {
	};
	objectVersion = 55;
	objects = {

/* Begin PBXBuildFile section */
		44E59E7627C7A7B00061C14D /* AppDelegate.swift in Sources */ = {isa = PBXBuildFile; fileRef = 44E59E7527C7A7B00061C14D /* AppDelegate.swift */; };
		44E59E7A27C7A7B00061C14D /* RegistrationViewController.swift in Sources */ = {isa = PBXBuildFile; fileRef = 44E59E7927C7A7B00061C14D /* RegistrationViewController.swift */; };
		44E59E7F27C7A7B30061C14D /* Assets.xcassets in Resources */ = {isa = PBXBuildFile; fileRef = 44E59E7E27C7A7B30061C14D /* Assets.xcassets */; };
		44E59E8227C7A7B30061C14D /* LaunchScreen.storyboard in Resources */ = {isa = PBXBuildFile; fileRef = 44E59E8027C7A7B30061C14D /* LaunchScreen.storyboard */; };
		C1EBC6FF900B3E2A5498E8D8 /* Pods_Find_and_Learn.framework in Frameworks */ = {isa = PBXBuildFile; fileRef = F1A4ACC204322E3866C8050E /* Pods_Find_and_Learn.framework */; };
		D2AB637C27DCCA0000CE4441 /* Localizable.strings in Resources */ = {isa = PBXBuildFile; fileRef = D2AB637B27DCCA0000CE4441 /* Localizable.strings */; };
		D2D1168227DE49FE0026692E /* RegistrationViewInput.swift in Sources */ = {isa = PBXBuildFile; fileRef = D2D1168127DE49FE0026692E /* RegistrationViewInput.swift */; };
		D2D1168427DE4A0F0026692E /* RegistrationViewOutput.swift in Sources */ = {isa = PBXBuildFile; fileRef = D2D1168327DE4A0F0026692E /* RegistrationViewOutput.swift */; };
		D2D1168627DE4B230026692E /* RegistrationPresenter.swift in Sources */ = {isa = PBXBuildFile; fileRef = D2D1168527DE4B230026692E /* RegistrationPresenter.swift */; };
/* End PBXBuildFile section */

/* Begin PBXFileReference section */
		0A42D9ADE903C246D73484BC /* Pods-Find-and-Learn.debug.xcconfig */ = {isa = PBXFileReference; includeInIndex = 1; lastKnownFileType = text.xcconfig; name = "Pods-Find-and-Learn.debug.xcconfig"; path = "Target Support Files/Pods-Find-and-Learn/Pods-Find-and-Learn.debug.xcconfig"; sourceTree = "<group>"; };
		44E59E7227C7A7B00061C14D /* Find-and-Learn.app */ = {isa = PBXFileReference; explicitFileType = wrapper.application; includeInIndex = 0; path = "Find-and-Learn.app"; sourceTree = BUILT_PRODUCTS_DIR; };
		44E59E7527C7A7B00061C14D /* AppDelegate.swift */ = {isa = PBXFileReference; lastKnownFileType = sourcecode.swift; path = AppDelegate.swift; sourceTree = "<group>"; };
		44E59E7927C7A7B00061C14D /* RegistrationViewController.swift */ = {isa = PBXFileReference; lastKnownFileType = sourcecode.swift; path = RegistrationViewController.swift; sourceTree = "<group>"; };
		44E59E7E27C7A7B30061C14D /* Assets.xcassets */ = {isa = PBXFileReference; lastKnownFileType = folder.assetcatalog; path = Assets.xcassets; sourceTree = "<group>"; };
		44E59E8127C7A7B30061C14D /* Base */ = {isa = PBXFileReference; lastKnownFileType = file.storyboard; name = Base; path = Base.lproj/LaunchScreen.storyboard; sourceTree = "<group>"; };
		44E59E8327C7A7B30061C14D /* Info.plist */ = {isa = PBXFileReference; lastKnownFileType = text.plist.xml; path = Info.plist; sourceTree = "<group>"; };
		773BB3E00B70B692D1E11AD0 /* Pods-Find-and-Learn.release.xcconfig */ = {isa = PBXFileReference; includeInIndex = 1; lastKnownFileType = text.xcconfig; name = "Pods-Find-and-Learn.release.xcconfig"; path = "Target Support Files/Pods-Find-and-Learn/Pods-Find-and-Learn.release.xcconfig"; sourceTree = "<group>"; };
		D2AB637B27DCCA0000CE4441 /* Localizable.strings */ = {isa = PBXFileReference; lastKnownFileType = text.plist.strings; path = Localizable.strings; sourceTree = "<group>"; };
		D2D1168127DE49FE0026692E /* RegistrationViewInput.swift */ = {isa = PBXFileReference; lastKnownFileType = sourcecode.swift; path = RegistrationViewInput.swift; sourceTree = "<group>"; };
		D2D1168327DE4A0F0026692E /* RegistrationViewOutput.swift */ = {isa = PBXFileReference; lastKnownFileType = sourcecode.swift; path = RegistrationViewOutput.swift; sourceTree = "<group>"; };
		D2D1168527DE4B230026692E /* RegistrationPresenter.swift */ = {isa = PBXFileReference; lastKnownFileType = sourcecode.swift; path = RegistrationPresenter.swift; sourceTree = "<group>"; };
		F1A4ACC204322E3866C8050E /* Pods_Find_and_Learn.framework */ = {isa = PBXFileReference; explicitFileType = wrapper.framework; includeInIndex = 0; path = Pods_Find_and_Learn.framework; sourceTree = BUILT_PRODUCTS_DIR; };
/* End PBXFileReference section */

/* Begin PBXFrameworksBuildPhase section */
		44E59E6F27C7A7B00061C14D /* Frameworks */ = {
			isa = PBXFrameworksBuildPhase;
			buildActionMask = 2147483647;
			files = (
				C1EBC6FF900B3E2A5498E8D8 /* Pods_Find_and_Learn.framework in Frameworks */,
			);
			runOnlyForDeploymentPostprocessing = 0;
		};
/* End PBXFrameworksBuildPhase section */

/* Begin PBXGroup section */
		00108970D2082C38954BDA71 /* Frameworks */ = {
			isa = PBXGroup;
			children = (
				F1A4ACC204322E3866C8050E /* Pods_Find_and_Learn.framework */,
			);
			name = Frameworks;
			sourceTree = "<group>";
		};
		44E59E6927C7A7B00061C14D = {
			isa = PBXGroup;
			children = (
				44E59E7427C7A7B00061C14D /* Source */,
				D2AB637927DCC9AB00CE4441 /* Resources */,
				D2AB637827DCC90400CE4441 /* Supporting Files */,
				44E59E7327C7A7B00061C14D /* Products */,
				B37951C05643AA6F11C45359 /* Pods */,
				00108970D2082C38954BDA71 /* Frameworks */,
			);
			sourceTree = "<group>";
		};
		44E59E7327C7A7B00061C14D /* Products */ = {
			isa = PBXGroup;
			children = (
				44E59E7227C7A7B00061C14D /* Find-and-Learn.app */,
			);
			name = Products;
			sourceTree = "<group>";
		};
		44E59E7427C7A7B00061C14D /* Source */ = {
			isa = PBXGroup;
			children = (
				D2AB637E27DCCC7A00CE4441 /* Scenarios */,
			);
			path = Source;
			sourceTree = "<group>";
		};
		B37951C05643AA6F11C45359 /* Pods */ = {
			isa = PBXGroup;
			children = (
				0A42D9ADE903C246D73484BC /* Pods-Find-and-Learn.debug.xcconfig */,
				773BB3E00B70B692D1E11AD0 /* Pods-Find-and-Learn.release.xcconfig */,
			);
			path = Pods;
			sourceTree = "<group>";
		};
		D2AB637827DCC90400CE4441 /* Supporting Files */ = {
			isa = PBXGroup;
			children = (
				44E59E7527C7A7B00061C14D /* AppDelegate.swift */,
				44E59E8327C7A7B30061C14D /* Info.plist */,
			);
			path = "Supporting Files";
			sourceTree = "<group>";
		};
		D2AB637927DCC9AB00CE4441 /* Resources */ = {
			isa = PBXGroup;
			children = (
				D2AB637A27DCC9D100CE4441 /* Strings */,
				44E59E7E27C7A7B30061C14D /* Assets.xcassets */,
				44E59E8027C7A7B30061C14D /* LaunchScreen.storyboard */,
			);
			path = Resources;
			sourceTree = "<group>";
		};
		D2AB637A27DCC9D100CE4441 /* Strings */ = {
			isa = PBXGroup;
			children = (
				D2AB637B27DCCA0000CE4441 /* Localizable.strings */,
			);
			path = Strings;
			sourceTree = "<group>";
		};
		D2AB637E27DCCC7A00CE4441 /* Scenarios */ = {
			isa = PBXGroup;
			children = (
				D2AB637F27DCCC9200CE4441 /* Entrance */,
			);
			path = Scenarios;
			sourceTree = "<group>";
		};
		D2AB637F27DCCC9200CE4441 /* Entrance */ = {
			isa = PBXGroup;
			children = (
				D2D1167F27DE42D40026692E /* Modules */,
			);
			path = Entrance;
			sourceTree = "<group>";
		};
		D2AB638027DCCCA900CE4441 /* Registration */ = {
			isa = PBXGroup;
			children = (
				D2D1168027DE49E20026692E /* Protocols */,
				44E59E7927C7A7B00061C14D /* RegistrationViewController.swift */,
				D2D1168527DE4B230026692E /* RegistrationPresenter.swift */,
			);
			path = Registration;
			sourceTree = "<group>";
		};
		D2D1167F27DE42D40026692E /* Modules */ = {
			isa = PBXGroup;
			children = (
				D2AB638027DCCCA900CE4441 /* Registration */,
			);
			path = Modules;
			sourceTree = "<group>";
		};
		D2D1168027DE49E20026692E /* Protocols */ = {
			isa = PBXGroup;
			children = (
				D2D1168127DE49FE0026692E /* RegistrationViewInput.swift */,
				D2D1168327DE4A0F0026692E /* RegistrationViewOutput.swift */,
			);
			path = Protocols;
			sourceTree = "<group>";
		};
/* End PBXGroup section */

/* Begin PBXNativeTarget section */
		44E59E7127C7A7B00061C14D /* Find-and-Learn */ = {
			isa = PBXNativeTarget;
			buildConfigurationList = 44E59E8627C7A7B30061C14D /* Build configuration list for PBXNativeTarget "Find-and-Learn" */;
			buildPhases = (
				6B57D475C575F7C9AE5AE37E /* [CP] Check Pods Manifest.lock */,
				448B8A0A27C7DC3600CC65A4 /* SwiftLint */,
				44E59E6E27C7A7B00061C14D /* Sources */,
				44E59E6F27C7A7B00061C14D /* Frameworks */,
				44E59E7027C7A7B00061C14D /* Resources */,
				289BE2D462F998A30BC32449 /* [CP] Embed Pods Frameworks */,
			);
			buildRules = (
			);
			dependencies = (
			);
			name = "Find-and-Learn";
			productName = "Find-and-Learn";
			productReference = 44E59E7227C7A7B00061C14D /* Find-and-Learn.app */;
			productType = "com.apple.product-type.application";
		};
/* End PBXNativeTarget section */

/* Begin PBXProject section */
		44E59E6A27C7A7B00061C14D /* Project object */ = {
			isa = PBXProject;
			attributes = {
				BuildIndependentTargetsInParallel = 1;
				LastSwiftUpdateCheck = 1320;
				LastUpgradeCheck = 1320;
				TargetAttributes = {
					44E59E7127C7A7B00061C14D = {
						CreatedOnToolsVersion = 13.2.1;
					};
				};
			};
			buildConfigurationList = 44E59E6D27C7A7B00061C14D /* Build configuration list for PBXProject "Find-and-Learn" */;
			compatibilityVersion = "Xcode 13.0";
			developmentRegion = en;
			hasScannedForEncodings = 0;
			knownRegions = (
				en,
				Base,
			);
			mainGroup = 44E59E6927C7A7B00061C14D;
			productRefGroup = 44E59E7327C7A7B00061C14D /* Products */;
			projectDirPath = "";
			projectRoot = "";
			targets = (
				44E59E7127C7A7B00061C14D /* Find-and-Learn */,
			);
		};
/* End PBXProject section */

/* Begin PBXResourcesBuildPhase section */
		44E59E7027C7A7B00061C14D /* Resources */ = {
			isa = PBXResourcesBuildPhase;
			buildActionMask = 2147483647;
			files = (
				44E59E8227C7A7B30061C14D /* LaunchScreen.storyboard in Resources */,
				D2AB637C27DCCA0000CE4441 /* Localizable.strings in Resources */,
				44E59E7F27C7A7B30061C14D /* Assets.xcassets in Resources */,
			);
			runOnlyForDeploymentPostprocessing = 0;
		};
/* End PBXResourcesBuildPhase section */

/* Begin PBXShellScriptBuildPhase section */
		289BE2D462F998A30BC32449 /* [CP] Embed Pods Frameworks */ = {
			isa = PBXShellScriptBuildPhase;
			buildActionMask = 2147483647;
			files = (
			);
			inputFileListPaths = (
				"${PODS_ROOT}/Target Support Files/Pods-Find-and-Learn/Pods-Find-and-Learn-frameworks-${CONFIGURATION}-input-files.xcfilelist",
			);
			name = "[CP] Embed Pods Frameworks";
			outputFileListPaths = (
				"${PODS_ROOT}/Target Support Files/Pods-Find-and-Learn/Pods-Find-and-Learn-frameworks-${CONFIGURATION}-output-files.xcfilelist",
			);
			runOnlyForDeploymentPostprocessing = 0;
			shellPath = /bin/sh;
			shellScript = "\"${PODS_ROOT}/Target Support Files/Pods-Find-and-Learn/Pods-Find-and-Learn-frameworks.sh\"\n";
			showEnvVarsInLog = 0;
		};
		448B8A0A27C7DC3600CC65A4 /* SwiftLint */ = {
			isa = PBXShellScriptBuildPhase;
			buildActionMask = 2147483647;
			files = (
			);
			inputFileListPaths = (
			);
			inputPaths = (
			);
			name = SwiftLint;
			outputFileListPaths = (
			);
			outputPaths = (
			);
			runOnlyForDeploymentPostprocessing = 0;
			shellPath = /bin/sh;
			shellScript = "\"${PODS_ROOT}/SwiftLint/swiftlint\"\n";
		};
		6B57D475C575F7C9AE5AE37E /* [CP] Check Pods Manifest.lock */ = {
			isa = PBXShellScriptBuildPhase;
			buildActionMask = 2147483647;
			files = (
			);
			inputFileListPaths = (
			);
			inputPaths = (
				"${PODS_PODFILE_DIR_PATH}/Podfile.lock",
				"${PODS_ROOT}/Manifest.lock",
			);
			name = "[CP] Check Pods Manifest.lock";
			outputFileListPaths = (
			);
			outputPaths = (
				"$(DERIVED_FILE_DIR)/Pods-Find-and-Learn-checkManifestLockResult.txt",
			);
			runOnlyForDeploymentPostprocessing = 0;
			shellPath = /bin/sh;
			shellScript = "diff \"${PODS_PODFILE_DIR_PATH}/Podfile.lock\" \"${PODS_ROOT}/Manifest.lock\" > /dev/null\nif [ $? != 0 ] ; then\n    # print error to STDERR\n    echo \"error: The sandbox is not in sync with the Podfile.lock. Run 'pod install' or update your CocoaPods installation.\" >&2\n    exit 1\nfi\n# This output is used by Xcode 'outputs' to avoid re-running this script phase.\necho \"SUCCESS\" > \"${SCRIPT_OUTPUT_FILE_0}\"\n";
			showEnvVarsInLog = 0;
		};
/* End PBXShellScriptBuildPhase section */

/* Begin PBXSourcesBuildPhase section */
		44E59E6E27C7A7B00061C14D /* Sources */ = {
			isa = PBXSourcesBuildPhase;
			buildActionMask = 2147483647;
			files = (
				D2D1168227DE49FE0026692E /* RegistrationViewInput.swift in Sources */,
				D2D1168627DE4B230026692E /* RegistrationPresenter.swift in Sources */,
				44E59E7A27C7A7B00061C14D /* RegistrationViewController.swift in Sources */,
				D2D1168427DE4A0F0026692E /* RegistrationViewOutput.swift in Sources */,
				44E59E7627C7A7B00061C14D /* AppDelegate.swift in Sources */,
			);
			runOnlyForDeploymentPostprocessing = 0;
		};
/* End PBXSourcesBuildPhase section */

/* Begin PBXVariantGroup section */
		44E59E8027C7A7B30061C14D /* LaunchScreen.storyboard */ = {
			isa = PBXVariantGroup;
			children = (
				44E59E8127C7A7B30061C14D /* Base */,
			);
			name = LaunchScreen.storyboard;
			sourceTree = "<group>";
		};
/* End PBXVariantGroup section */

/* Begin XCBuildConfiguration section */
		44E59E8427C7A7B30061C14D /* Debug */ = {
			isa = XCBuildConfiguration;
			buildSettings = {
				ALWAYS_SEARCH_USER_PATHS = NO;
				CLANG_ANALYZER_NONNULL = YES;
				CLANG_ANALYZER_NUMBER_OBJECT_CONVERSION = YES_AGGRESSIVE;
				CLANG_CXX_LANGUAGE_STANDARD = "gnu++17";
				CLANG_CXX_LIBRARY = "libc++";
				CLANG_ENABLE_MODULES = YES;
				CLANG_ENABLE_OBJC_ARC = YES;
				CLANG_ENABLE_OBJC_WEAK = YES;
				CLANG_WARN_BLOCK_CAPTURE_AUTORELEASING = YES;
				CLANG_WARN_BOOL_CONVERSION = YES;
				CLANG_WARN_COMMA = YES;
				CLANG_WARN_CONSTANT_CONVERSION = YES;
				CLANG_WARN_DEPRECATED_OBJC_IMPLEMENTATIONS = YES;
				CLANG_WARN_DIRECT_OBJC_ISA_USAGE = YES_ERROR;
				CLANG_WARN_DOCUMENTATION_COMMENTS = YES;
				CLANG_WARN_EMPTY_BODY = YES;
				CLANG_WARN_ENUM_CONVERSION = YES;
				CLANG_WARN_INFINITE_RECURSION = YES;
				CLANG_WARN_INT_CONVERSION = YES;
				CLANG_WARN_NON_LITERAL_NULL_CONVERSION = YES;
				CLANG_WARN_OBJC_IMPLICIT_RETAIN_SELF = YES;
				CLANG_WARN_OBJC_LITERAL_CONVERSION = YES;
				CLANG_WARN_OBJC_ROOT_CLASS = YES_ERROR;
				CLANG_WARN_QUOTED_INCLUDE_IN_FRAMEWORK_HEADER = YES;
				CLANG_WARN_RANGE_LOOP_ANALYSIS = YES;
				CLANG_WARN_STRICT_PROTOTYPES = YES;
				CLANG_WARN_SUSPICIOUS_MOVE = YES;
				CLANG_WARN_UNGUARDED_AVAILABILITY = YES_AGGRESSIVE;
				CLANG_WARN_UNREACHABLE_CODE = YES;
				CLANG_WARN__DUPLICATE_METHOD_MATCH = YES;
				COPY_PHASE_STRIP = NO;
				DEBUG_INFORMATION_FORMAT = dwarf;
				ENABLE_STRICT_OBJC_MSGSEND = YES;
				ENABLE_TESTABILITY = YES;
				GCC_C_LANGUAGE_STANDARD = gnu11;
				GCC_DYNAMIC_NO_PIC = NO;
				GCC_NO_COMMON_BLOCKS = YES;
				GCC_OPTIMIZATION_LEVEL = 0;
				GCC_PREPROCESSOR_DEFINITIONS = (
					"DEBUG=1",
					"$(inherited)",
				);
				GCC_WARN_64_TO_32_BIT_CONVERSION = YES;
				GCC_WARN_ABOUT_RETURN_TYPE = YES_ERROR;
				GCC_WARN_UNDECLARED_SELECTOR = YES;
				GCC_WARN_UNINITIALIZED_AUTOS = YES_AGGRESSIVE;
				GCC_WARN_UNUSED_FUNCTION = YES;
				GCC_WARN_UNUSED_VARIABLE = YES;
				IPHONEOS_DEPLOYMENT_TARGET = 13.0;
				MTL_ENABLE_DEBUG_INFO = INCLUDE_SOURCE;
				MTL_FAST_MATH = YES;
				ONLY_ACTIVE_ARCH = YES;
				SDKROOT = iphoneos;
				SWIFT_ACTIVE_COMPILATION_CONDITIONS = DEBUG;
				SWIFT_OPTIMIZATION_LEVEL = "-Onone";
			};
			name = Debug;
		};
		44E59E8527C7A7B30061C14D /* Release */ = {
			isa = XCBuildConfiguration;
			buildSettings = {
				ALWAYS_SEARCH_USER_PATHS = NO;
				CLANG_ANALYZER_NONNULL = YES;
				CLANG_ANALYZER_NUMBER_OBJECT_CONVERSION = YES_AGGRESSIVE;
				CLANG_CXX_LANGUAGE_STANDARD = "gnu++17";
				CLANG_CXX_LIBRARY = "libc++";
				CLANG_ENABLE_MODULES = YES;
				CLANG_ENABLE_OBJC_ARC = YES;
				CLANG_ENABLE_OBJC_WEAK = YES;
				CLANG_WARN_BLOCK_CAPTURE_AUTORELEASING = YES;
				CLANG_WARN_BOOL_CONVERSION = YES;
				CLANG_WARN_COMMA = YES;
				CLANG_WARN_CONSTANT_CONVERSION = YES;
				CLANG_WARN_DEPRECATED_OBJC_IMPLEMENTATIONS = YES;
				CLANG_WARN_DIRECT_OBJC_ISA_USAGE = YES_ERROR;
				CLANG_WARN_DOCUMENTATION_COMMENTS = YES;
				CLANG_WARN_EMPTY_BODY = YES;
				CLANG_WARN_ENUM_CONVERSION = YES;
				CLANG_WARN_INFINITE_RECURSION = YES;
				CLANG_WARN_INT_CONVERSION = YES;
				CLANG_WARN_NON_LITERAL_NULL_CONVERSION = YES;
				CLANG_WARN_OBJC_IMPLICIT_RETAIN_SELF = YES;
				CLANG_WARN_OBJC_LITERAL_CONVERSION = YES;
				CLANG_WARN_OBJC_ROOT_CLASS = YES_ERROR;
				CLANG_WARN_QUOTED_INCLUDE_IN_FRAMEWORK_HEADER = YES;
				CLANG_WARN_RANGE_LOOP_ANALYSIS = YES;
				CLANG_WARN_STRICT_PROTOTYPES = YES;
				CLANG_WARN_SUSPICIOUS_MOVE = YES;
				CLANG_WARN_UNGUARDED_AVAILABILITY = YES_AGGRESSIVE;
				CLANG_WARN_UNREACHABLE_CODE = YES;
				CLANG_WARN__DUPLICATE_METHOD_MATCH = YES;
				COPY_PHASE_STRIP = NO;
				DEBUG_INFORMATION_FORMAT = "dwarf-with-dsym";
				ENABLE_NS_ASSERTIONS = NO;
				ENABLE_STRICT_OBJC_MSGSEND = YES;
				GCC_C_LANGUAGE_STANDARD = gnu11;
				GCC_NO_COMMON_BLOCKS = YES;
				GCC_WARN_64_TO_32_BIT_CONVERSION = YES;
				GCC_WARN_ABOUT_RETURN_TYPE = YES_ERROR;
				GCC_WARN_UNDECLARED_SELECTOR = YES;
				GCC_WARN_UNINITIALIZED_AUTOS = YES_AGGRESSIVE;
				GCC_WARN_UNUSED_FUNCTION = YES;
				GCC_WARN_UNUSED_VARIABLE = YES;
				IPHONEOS_DEPLOYMENT_TARGET = 13.0;
				MTL_ENABLE_DEBUG_INFO = NO;
				MTL_FAST_MATH = YES;
				SDKROOT = iphoneos;
				SWIFT_COMPILATION_MODE = wholemodule;
				SWIFT_OPTIMIZATION_LEVEL = "-O";
				VALIDATE_PRODUCT = YES;
			};
			name = Release;
		};
		44E59E8727C7A7B30061C14D /* Debug */ = {
			isa = XCBuildConfiguration;
			baseConfigurationReference = 0A42D9ADE903C246D73484BC /* Pods-Find-and-Learn.debug.xcconfig */;
			buildSettings = {
				ASSETCATALOG_COMPILER_APPICON_NAME = AppIcon;
				ASSETCATALOG_COMPILER_GLOBAL_ACCENT_COLOR_NAME = AccentColor;
				CODE_SIGN_STYLE = Automatic;
				CURRENT_PROJECT_VERSION = 1;
				DEVELOPMENT_TEAM = BU5S75BK7N;
				GENERATE_INFOPLIST_FILE = YES;
				INFOPLIST_FILE = "Supporting Files/Info.plist";
				INFOPLIST_KEY_UIApplicationSupportsIndirectInputEvents = YES;
				INFOPLIST_KEY_UILaunchStoryboardName = LaunchScreen;
				INFOPLIST_KEY_UISupportedInterfaceOrientations_iPad = "UIInterfaceOrientationPortrait UIInterfaceOrientationPortraitUpsideDown UIInterfaceOrientationLandscapeLeft UIInterfaceOrientationLandscapeRight";
				INFOPLIST_KEY_UISupportedInterfaceOrientations_iPhone = "UIInterfaceOrientationPortrait UIInterfaceOrientationLandscapeLeft UIInterfaceOrientationLandscapeRight";
				LD_RUNPATH_SEARCH_PATHS = (
					"$(inherited)",
					"@executable_path/Frameworks",
				);
				MARKETING_VERSION = 1.0;
				PRODUCT_BUNDLE_IDENTIFIER = "Tinkoff-practice.Find-and-Learn";
				PRODUCT_NAME = "$(TARGET_NAME)";
				SWIFT_EMIT_LOC_STRINGS = YES;
				SWIFT_VERSION = 5.0;
				TARGETED_DEVICE_FAMILY = 1;
			};
			name = Debug;
		};
		44E59E8827C7A7B30061C14D /* Release */ = {
			isa = XCBuildConfiguration;
			baseConfigurationReference = 773BB3E00B70B692D1E11AD0 /* Pods-Find-and-Learn.release.xcconfig */;
			buildSettings = {
				ASSETCATALOG_COMPILER_APPICON_NAME = AppIcon;
				ASSETCATALOG_COMPILER_GLOBAL_ACCENT_COLOR_NAME = AccentColor;
				CODE_SIGN_STYLE = Automatic;
				CURRENT_PROJECT_VERSION = 1;
				DEVELOPMENT_TEAM = BU5S75BK7N;
				GENERATE_INFOPLIST_FILE = YES;
				INFOPLIST_FILE = "Supporting Files/Info.plist";
				INFOPLIST_KEY_UIApplicationSupportsIndirectInputEvents = YES;
				INFOPLIST_KEY_UILaunchStoryboardName = LaunchScreen;
				INFOPLIST_KEY_UISupportedInterfaceOrientations_iPad = "UIInterfaceOrientationPortrait UIInterfaceOrientationPortraitUpsideDown UIInterfaceOrientationLandscapeLeft UIInterfaceOrientationLandscapeRight";
				INFOPLIST_KEY_UISupportedInterfaceOrientations_iPhone = "UIInterfaceOrientationPortrait UIInterfaceOrientationLandscapeLeft UIInterfaceOrientationLandscapeRight";
				LD_RUNPATH_SEARCH_PATHS = (
					"$(inherited)",
					"@executable_path/Frameworks",
				);
				MARKETING_VERSION = 1.0;
				PRODUCT_BUNDLE_IDENTIFIER = "Tinkoff-practice.Find-and-Learn";
				PRODUCT_NAME = "$(TARGET_NAME)";
				SWIFT_EMIT_LOC_STRINGS = YES;
				SWIFT_VERSION = 5.0;
				TARGETED_DEVICE_FAMILY = 1;
			};
			name = Release;
		};
/* End XCBuildConfiguration section */

/* Begin XCConfigurationList section */
		44E59E6D27C7A7B00061C14D /* Build configuration list for PBXProject "Find-and-Learn" */ = {
			isa = XCConfigurationList;
			buildConfigurations = (
				44E59E8427C7A7B30061C14D /* Debug */,
				44E59E8527C7A7B30061C14D /* Release */,
			);
			defaultConfigurationIsVisible = 0;
			defaultConfigurationName = Release;
		};
		44E59E8627C7A7B30061C14D /* Build configuration list for PBXNativeTarget "Find-and-Learn" */ = {
			isa = XCConfigurationList;
			buildConfigurations = (
				44E59E8727C7A7B30061C14D /* Debug */,
				44E59E8827C7A7B30061C14D /* Release */,
			);
			defaultConfigurationIsVisible = 0;
			defaultConfigurationName = Release;
		};
/* End XCConfigurationList section */
	};
	rootObject = 44E59E6A27C7A7B00061C14D /* Project object */;
}
